
Microsoft Visual Studio Solution File, Format Version 12.00
# Visual Studio Version 16
VisualStudioVersion = 16.0.31313.79
MinimumVisualStudioVersion = 10.0.40219.1
Project("{9A19103F-16F7-4668-BE54-9A1E7A4F7556}") = "BoulderGuide.Mobile.Forms", "BoulderGuide.Mobile.Forms\BoulderGuide.Mobile.Forms.csproj", "{71833843-896D-438E-B879-44C7D6BDA1AE}"
EndProject
Project("{FAE04EC0-301F-11D3-BF4B-00C04F79EFBC}") = "BoulderGuide.Mobile.Forms.iOS", "BoulderGuide.Mobile.Forms.iOS\BoulderGuide.Mobile.Forms.iOS.csproj", "{DB0EEC8A-9CA1-4E54-8C9B-220597C04671}"
EndProject
Project("{2150E333-8FDC-42A3-9474-1A3956D46DE8}") = "Mobile", "Mobile", "{66D437E2-C5EE-4FB7-A394-0FE76B681C99}"
EndProject
Project("{9A19103F-16F7-4668-BE54-9A1E7A4F7556}") = "BoulderGuide.DTOs", "BoulderGuide.DTOs\BoulderGuide.DTOs.csproj", "{17CCFF9F-0A17-4484-9D6F-AFAD1F255843}"
EndProject
Project("{9A19103F-16F7-4668-BE54-9A1E7A4F7556}") = "BoulderGuide.ImageUtils", "BoulderGuide.ImageUtils\BoulderGuide.ImageUtils.csproj", "{6A3ED429-D3BA-4AF5-82BE-3D7A5169FB69}"
EndProject
Global
	GlobalSection(SolutionConfigurationPlatforms) = preSolution
		Ad-Hoc|Any CPU = Ad-Hoc|Any CPU
		Ad-Hoc|ARM = Ad-Hoc|ARM
		Ad-Hoc|iPhone = Ad-Hoc|iPhone
		Ad-Hoc|iPhoneSimulator = Ad-Hoc|iPhoneSimulator
		Ad-Hoc|x64 = Ad-Hoc|x64
		Ad-Hoc|x86 = Ad-Hoc|x86
		AppStore|Any CPU = AppStore|Any CPU
		AppStore|ARM = AppStore|ARM
		AppStore|iPhone = AppStore|iPhone
		AppStore|iPhoneSimulator = AppStore|iPhoneSimulator
		AppStore|x64 = AppStore|x64
		AppStore|x86 = AppStore|x86
		Debug|Any CPU = Debug|Any CPU
		Debug|ARM = Debug|ARM
		Debug|iPhone = Debug|iPhone
		Debug|iPhoneSimulator = Debug|iPhoneSimulator
		Debug|x64 = Debug|x64
		Debug|x86 = Debug|x86
		Release|Any CPU = Release|Any CPU
		Release|ARM = Release|ARM
		Release|iPhone = Release|iPhone
		Release|iPhoneSimulator = Release|iPhoneSimulator
		Release|x64 = Release|x64
		Release|x86 = Release|x86
	EndGlobalSection
	GlobalSection(ProjectConfigurationPlatforms) = postSolution
		{0EEC22EA-0FB4-4AE6-8194-2AF6D72D6BD4}.Ad-Hoc|Any CPU.ActiveCfg = Debug|Any CPU
		{0EEC22EA-0FB4-4AE6-8194-2AF6D72D6BD4}.Ad-Hoc|Any CPU.Build.0 = Debug|Any CPU
		{0EEC22EA-0FB4-4AE6-8194-2AF6D72D6BD4}.Ad-Hoc|ARM.ActiveCfg = Debug|Any CPU
		{0EEC22EA-0FB4-4AE6-8194-2AF6D72D6BD4}.Ad-Hoc|ARM.Build.0 = Debug|Any CPU
		{0EEC22EA-0FB4-4AE6-8194-2AF6D72D6BD4}.Ad-Hoc|iPhone.ActiveCfg = Debug|Any CPU
		{0EEC22EA-0FB4-4AE6-8194-2AF6D72D6BD4}.Ad-Hoc|iPhone.Build.0 = Debug|Any CPU
		{0EEC22EA-0FB4-4AE6-8194-2AF6D72D6BD4}.Ad-Hoc|iPhoneSimulator.ActiveCfg = Debug|Any CPU
		{0EEC22EA-0FB4-4AE6-8194-2AF6D72D6BD4}.Ad-Hoc|iPhoneSimulator.Build.0 = Debug|Any CPU
		{0EEC22EA-0FB4-4AE6-8194-2AF6D72D6BD4}.Ad-Hoc|x64.ActiveCfg = Debug|Any CPU
		{0EEC22EA-0FB4-4AE6-8194-2AF6D72D6BD4}.Ad-Hoc|x64.Build.0 = Debug|Any CPU
		{0EEC22EA-0FB4-4AE6-8194-2AF6D72D6BD4}.Ad-Hoc|x86.ActiveCfg = Debug|Any CPU
		{0EEC22EA-0FB4-4AE6-8194-2AF6D72D6BD4}.Ad-Hoc|x86.Build.0 = Debug|Any CPU
		{0EEC22EA-0FB4-4AE6-8194-2AF6D72D6BD4}.AppStore|Any CPU.ActiveCfg = Debug|Any CPU
		{0EEC22EA-0FB4-4AE6-8194-2AF6D72D6BD4}.AppStore|Any CPU.Build.0 = Debug|Any CPU
		{0EEC22EA-0FB4-4AE6-8194-2AF6D72D6BD4}.AppStore|ARM.ActiveCfg = Debug|Any CPU
		{0EEC22EA-0FB4-4AE6-8194-2AF6D72D6BD4}.AppStore|ARM.Build.0 = Debug|Any CPU
		{0EEC22EA-0FB4-4AE6-8194-2AF6D72D6BD4}.AppStore|iPhone.ActiveCfg = Debug|Any CPU
		{0EEC22EA-0FB4-4AE6-8194-2AF6D72D6BD4}.AppStore|iPhone.Build.0 = Debug|Any CPU
		{0EEC22EA-0FB4-4AE6-8194-2AF6D72D6BD4}.AppStore|iPhoneSimulator.ActiveCfg = Debug|Any CPU
		{0EEC22EA-0FB4-4AE6-8194-2AF6D72D6BD4}.AppStore|iPhoneSimulator.Build.0 = Debug|Any CPU
		{0EEC22EA-0FB4-4AE6-8194-2AF6D72D6BD4}.AppStore|x64.ActiveCfg = Debug|Any CPU
		{0EEC22EA-0FB4-4AE6-8194-2AF6D72D6BD4}.AppStore|x64.Build.0 = Debug|Any CPU
		{0EEC22EA-0FB4-4AE6-8194-2AF6D72D6BD4}.AppStore|x86.ActiveCfg = Debug|Any CPU
		{0EEC22EA-0FB4-4AE6-8194-2AF6D72D6BD4}.AppStore|x86.Build.0 = Debug|Any CPU
		{0EEC22EA-0FB4-4AE6-8194-2AF6D72D6BD4}.Debug|Any CPU.ActiveCfg = Debug|Any CPU
		{0EEC22EA-0FB4-4AE6-8194-2AF6D72D6BD4}.Debug|Any CPU.Build.0 = Debug|Any CPU
		{0EEC22EA-0FB4-4AE6-8194-2AF6D72D6BD4}.Debug|ARM.ActiveCfg = Debug|Any CPU
		{0EEC22EA-0FB4-4AE6-8194-2AF6D72D6BD4}.Debug|ARM.Build.0 = Debug|Any CPU
		{0EEC22EA-0FB4-4AE6-8194-2AF6D72D6BD4}.Debug|iPhone.ActiveCfg = Debug|Any CPU
		{0EEC22EA-0FB4-4AE6-8194-2AF6D72D6BD4}.Debug|iPhone.Build.0 = Debug|Any CPU
		{0EEC22EA-0FB4-4AE6-8194-2AF6D72D6BD4}.Debug|iPhoneSimulator.ActiveCfg = Debug|Any CPU
		{0EEC22EA-0FB4-4AE6-8194-2AF6D72D6BD4}.Debug|iPhoneSimulator.Build.0 = Debug|Any CPU
		{0EEC22EA-0FB4-4AE6-8194-2AF6D72D6BD4}.Debug|x64.ActiveCfg = Debug|Any CPU
		{0EEC22EA-0FB4-4AE6-8194-2AF6D72D6BD4}.Debug|x64.Build.0 = Debug|Any CPU
		{0EEC22EA-0FB4-4AE6-8194-2AF6D72D6BD4}.Debug|x86.ActiveCfg = Debug|Any CPU
		{0EEC22EA-0FB4-4AE6-8194-2AF6D72D6BD4}.Debug|x86.Build.0 = Debug|Any CPU
		{0EEC22EA-0FB4-4AE6-8194-2AF6D72D6BD4}.Release|Any CPU.ActiveCfg = Release|Any CPU
		{0EEC22EA-0FB4-4AE6-8194-2AF6D72D6BD4}.Release|Any CPU.Build.0 = Release|Any CPU
		{0EEC22EA-0FB4-4AE6-8194-2AF6D72D6BD4}.Release|ARM.ActiveCfg = Release|Any CPU
		{0EEC22EA-0FB4-4AE6-8194-2AF6D72D6BD4}.Release|ARM.Build.0 = Release|Any CPU
		{0EEC22EA-0FB4-4AE6-8194-2AF6D72D6BD4}.Release|iPhone.ActiveCfg = Release|Any CPU
		{0EEC22EA-0FB4-4AE6-8194-2AF6D72D6BD4}.Release|iPhone.Build.0 = Release|Any CPU
		{0EEC22EA-0FB4-4AE6-8194-2AF6D72D6BD4}.Release|iPhoneSimulator.ActiveCfg = Release|Any CPU
		{0EEC22EA-0FB4-4AE6-8194-2AF6D72D6BD4}.Release|iPhoneSimulator.Build.0 = Release|Any CPU
		{0EEC22EA-0FB4-4AE6-8194-2AF6D72D6BD4}.Release|x64.ActiveCfg = Release|Any CPU
		{0EEC22EA-0FB4-4AE6-8194-2AF6D72D6BD4}.Release|x64.Build.0 = Release|Any CPU
		{0EEC22EA-0FB4-4AE6-8194-2AF6D72D6BD4}.Release|x86.ActiveCfg = Release|Any CPU
		{0EEC22EA-0FB4-4AE6-8194-2AF6D72D6BD4}.Release|x86.Build.0 = Release|Any CPU
		{71833843-896D-438E-B879-44C7D6BDA1AE}.Ad-Hoc|Any CPU.ActiveCfg = Debug|Any CPU
		{71833843-896D-438E-B879-44C7D6BDA1AE}.Ad-Hoc|Any CPU.Build.0 = Debug|Any CPU
		{71833843-896D-438E-B879-44C7D6BDA1AE}.Ad-Hoc|ARM.ActiveCfg = Debug|Any CPU
		{71833843-896D-438E-B879-44C7D6BDA1AE}.Ad-Hoc|ARM.Build.0 = Debug|Any CPU
		{71833843-896D-438E-B879-44C7D6BDA1AE}.Ad-Hoc|iPhone.ActiveCfg = Debug|Any CPU
		{71833843-896D-438E-B879-44C7D6BDA1AE}.Ad-Hoc|iPhone.Build.0 = Debug|Any CPU
		{71833843-896D-438E-B879-44C7D6BDA1AE}.Ad-Hoc|iPhoneSimulator.ActiveCfg = Debug|Any CPU
		{71833843-896D-438E-B879-44C7D6BDA1AE}.Ad-Hoc|iPhoneSimulator.Build.0 = Debug|Any CPU
		{71833843-896D-438E-B879-44C7D6BDA1AE}.Ad-Hoc|x64.ActiveCfg = Debug|Any CPU
		{71833843-896D-438E-B879-44C7D6BDA1AE}.Ad-Hoc|x64.Build.0 = Debug|Any CPU
		{71833843-896D-438E-B879-44C7D6BDA1AE}.Ad-Hoc|x86.ActiveCfg = Debug|Any CPU
		{71833843-896D-438E-B879-44C7D6BDA1AE}.Ad-Hoc|x86.Build.0 = Debug|Any CPU
		{71833843-896D-438E-B879-44C7D6BDA1AE}.AppStore|Any CPU.ActiveCfg = Debug|Any CPU
		{71833843-896D-438E-B879-44C7D6BDA1AE}.AppStore|Any CPU.Build.0 = Debug|Any CPU
		{71833843-896D-438E-B879-44C7D6BDA1AE}.AppStore|ARM.ActiveCfg = Debug|Any CPU
		{71833843-896D-438E-B879-44C7D6BDA1AE}.AppStore|ARM.Build.0 = Debug|Any CPU
		{71833843-896D-438E-B879-44C7D6BDA1AE}.AppStore|iPhone.ActiveCfg = Debug|Any CPU
		{71833843-896D-438E-B879-44C7D6BDA1AE}.AppStore|iPhone.Build.0 = Debug|Any CPU
		{71833843-896D-438E-B879-44C7D6BDA1AE}.AppStore|iPhoneSimulator.ActiveCfg = Debug|Any CPU
		{71833843-896D-438E-B879-44C7D6BDA1AE}.AppStore|iPhoneSimulator.Build.0 = Debug|Any CPU
		{71833843-896D-438E-B879-44C7D6BDA1AE}.AppStore|x64.ActiveCfg = Debug|Any CPU
		{71833843-896D-438E-B879-44C7D6BDA1AE}.AppStore|x64.Build.0 = Debug|Any CPU
		{71833843-896D-438E-B879-44C7D6BDA1AE}.AppStore|x86.ActiveCfg = Debug|Any CPU
		{71833843-896D-438E-B879-44C7D6BDA1AE}.AppStore|x86.Build.0 = Debug|Any CPU
		{71833843-896D-438E-B879-44C7D6BDA1AE}.Debug|Any CPU.ActiveCfg = Debug|Any CPU
		{71833843-896D-438E-B879-44C7D6BDA1AE}.Debug|Any CPU.Build.0 = Debug|Any CPU
		{71833843-896D-438E-B879-44C7D6BDA1AE}.Debug|ARM.ActiveCfg = Debug|Any CPU
		{71833843-896D-438E-B879-44C7D6BDA1AE}.Debug|ARM.Build.0 = Debug|Any CPU
		{71833843-896D-438E-B879-44C7D6BDA1AE}.Debug|iPhone.ActiveCfg = Debug|Any CPU
		{71833843-896D-438E-B879-44C7D6BDA1AE}.Debug|iPhone.Build.0 = Debug|Any CPU
		{71833843-896D-438E-B879-44C7D6BDA1AE}.Debug|iPhoneSimulator.ActiveCfg = Debug|Any CPU
		{71833843-896D-438E-B879-44C7D6BDA1AE}.Debug|iPhoneSimulator.Build.0 = Debug|Any CPU
		{71833843-896D-438E-B879-44C7D6BDA1AE}.Debug|x64.ActiveCfg = Debug|Any CPU
		{71833843-896D-438E-B879-44C7D6BDA1AE}.Debug|x64.Build.0 = Debug|Any CPU
		{71833843-896D-438E-B879-44C7D6BDA1AE}.Debug|x86.ActiveCfg = Debug|Any CPU
		{71833843-896D-438E-B879-44C7D6BDA1AE}.Debug|x86.Build.0 = Debug|Any CPU
		{71833843-896D-438E-B879-44C7D6BDA1AE}.Release|Any CPU.ActiveCfg = Release|Any CPU
		{71833843-896D-438E-B879-44C7D6BDA1AE}.Release|Any CPU.Build.0 = Release|Any CPU
		{71833843-896D-438E-B879-44C7D6BDA1AE}.Release|ARM.ActiveCfg = Release|Any CPU
		{71833843-896D-438E-B879-44C7D6BDA1AE}.Release|ARM.Build.0 = Release|Any CPU
		{71833843-896D-438E-B879-44C7D6BDA1AE}.Release|iPhone.ActiveCfg = Release|Any CPU
		{71833843-896D-438E-B879-44C7D6BDA1AE}.Release|iPhone.Build.0 = Release|Any CPU
		{71833843-896D-438E-B879-44C7D6BDA1AE}.Release|iPhoneSimulator.ActiveCfg = Release|Any CPU
		{71833843-896D-438E-B879-44C7D6BDA1AE}.Release|iPhoneSimulator.Build.0 = Release|Any CPU
		{71833843-896D-438E-B879-44C7D6BDA1AE}.Release|x64.ActiveCfg = Release|Any CPU
		{71833843-896D-438E-B879-44C7D6BDA1AE}.Release|x64.Build.0 = Release|Any CPU
		{71833843-896D-438E-B879-44C7D6BDA1AE}.Release|x86.ActiveCfg = Release|Any CPU
		{71833843-896D-438E-B879-44C7D6BDA1AE}.Release|x86.Build.0 = Release|Any CPU
		{9742CAA5-B43E-43A4-9395-8E76CFE51FE7}.Ad-Hoc|Any CPU.ActiveCfg = Debug|Any CPU
		{9742CAA5-B43E-43A4-9395-8E76CFE51FE7}.Ad-Hoc|Any CPU.Build.0 = Debug|Any CPU
		{9742CAA5-B43E-43A4-9395-8E76CFE51FE7}.Ad-Hoc|Any CPU.Deploy.0 = Debug|Any CPU
		{9742CAA5-B43E-43A4-9395-8E76CFE51FE7}.Ad-Hoc|ARM.ActiveCfg = Debug|Any CPU
		{9742CAA5-B43E-43A4-9395-8E76CFE51FE7}.Ad-Hoc|ARM.Build.0 = Debug|Any CPU
		{9742CAA5-B43E-43A4-9395-8E76CFE51FE7}.Ad-Hoc|ARM.Deploy.0 = Debug|Any CPU
		{9742CAA5-B43E-43A4-9395-8E76CFE51FE7}.Ad-Hoc|iPhone.ActiveCfg = Debug|Any CPU
		{9742CAA5-B43E-43A4-9395-8E76CFE51FE7}.Ad-Hoc|iPhone.Build.0 = Debug|Any CPU
		{9742CAA5-B43E-43A4-9395-8E76CFE51FE7}.Ad-Hoc|iPhone.Deploy.0 = Debug|Any CPU
		{9742CAA5-B43E-43A4-9395-8E76CFE51FE7}.Ad-Hoc|iPhoneSimulator.ActiveCfg = Debug|Any CPU
		{9742CAA5-B43E-43A4-9395-8E76CFE51FE7}.Ad-Hoc|iPhoneSimulator.Build.0 = Debug|Any CPU
		{9742CAA5-B43E-43A4-9395-8E76CFE51FE7}.Ad-Hoc|iPhoneSimulator.Deploy.0 = Debug|Any CPU
		{9742CAA5-B43E-43A4-9395-8E76CFE51FE7}.Ad-Hoc|x64.ActiveCfg = Debug|Any CPU
		{9742CAA5-B43E-43A4-9395-8E76CFE51FE7}.Ad-Hoc|x64.Build.0 = Debug|Any CPU
		{9742CAA5-B43E-43A4-9395-8E76CFE51FE7}.Ad-Hoc|x64.Deploy.0 = Debug|Any CPU
		{9742CAA5-B43E-43A4-9395-8E76CFE51FE7}.Ad-Hoc|x86.ActiveCfg = Debug|Any CPU
		{9742CAA5-B43E-43A4-9395-8E76CFE51FE7}.Ad-Hoc|x86.Build.0 = Debug|Any CPU
		{9742CAA5-B43E-43A4-9395-8E76CFE51FE7}.Ad-Hoc|x86.Deploy.0 = Debug|Any CPU
		{9742CAA5-B43E-43A4-9395-8E76CFE51FE7}.AppStore|Any CPU.ActiveCfg = Debug|Any CPU
		{9742CAA5-B43E-43A4-9395-8E76CFE51FE7}.AppStore|Any CPU.Build.0 = Debug|Any CPU
		{9742CAA5-B43E-43A4-9395-8E76CFE51FE7}.AppStore|Any CPU.Deploy.0 = Debug|Any CPU
		{9742CAA5-B43E-43A4-9395-8E76CFE51FE7}.AppStore|ARM.ActiveCfg = Debug|Any CPU
		{9742CAA5-B43E-43A4-9395-8E76CFE51FE7}.AppStore|ARM.Build.0 = Debug|Any CPU
		{9742CAA5-B43E-43A4-9395-8E76CFE51FE7}.AppStore|ARM.Deploy.0 = Debug|Any CPU
		{9742CAA5-B43E-43A4-9395-8E76CFE51FE7}.AppStore|iPhone.ActiveCfg = Debug|Any CPU
		{9742CAA5-B43E-43A4-9395-8E76CFE51FE7}.AppStore|iPhone.Build.0 = Debug|Any CPU
		{9742CAA5-B43E-43A4-9395-8E76CFE51FE7}.AppStore|iPhone.Deploy.0 = Debug|Any CPU
		{9742CAA5-B43E-43A4-9395-8E76CFE51FE7}.AppStore|iPhoneSimulator.ActiveCfg = Debug|Any CPU
		{9742CAA5-B43E-43A4-9395-8E76CFE51FE7}.AppStore|iPhoneSimulator.Build.0 = Debug|Any CPU
		{9742CAA5-B43E-43A4-9395-8E76CFE51FE7}.AppStore|iPhoneSimulator.Deploy.0 = Debug|Any CPU
		{9742CAA5-B43E-43A4-9395-8E76CFE51FE7}.AppStore|x64.ActiveCfg = Debug|Any CPU
		{9742CAA5-B43E-43A4-9395-8E76CFE51FE7}.AppStore|x64.Build.0 = Debug|Any CPU
		{9742CAA5-B43E-43A4-9395-8E76CFE51FE7}.AppStore|x64.Deploy.0 = Debug|Any CPU
		{9742CAA5-B43E-43A4-9395-8E76CFE51FE7}.AppStore|x86.ActiveCfg = Debug|Any CPU
		{9742CAA5-B43E-43A4-9395-8E76CFE51FE7}.AppStore|x86.Build.0 = Debug|Any CPU
		{9742CAA5-B43E-43A4-9395-8E76CFE51FE7}.AppStore|x86.Deploy.0 = Debug|Any CPU
		{9742CAA5-B43E-43A4-9395-8E76CFE51FE7}.Debug|Any CPU.ActiveCfg = Debug|Any CPU
		{9742CAA5-B43E-43A4-9395-8E76CFE51FE7}.Debug|Any CPU.Build.0 = Debug|Any CPU
		{9742CAA5-B43E-43A4-9395-8E76CFE51FE7}.Debug|Any CPU.Deploy.0 = Debug|Any CPU
		{9742CAA5-B43E-43A4-9395-8E76CFE51FE7}.Debug|ARM.ActiveCfg = Debug|Any CPU
		{9742CAA5-B43E-43A4-9395-8E76CFE51FE7}.Debug|ARM.Build.0 = Debug|Any CPU
		{9742CAA5-B43E-43A4-9395-8E76CFE51FE7}.Debug|ARM.Deploy.0 = Debug|Any CPU
		{9742CAA5-B43E-43A4-9395-8E76CFE51FE7}.Debug|iPhone.ActiveCfg = Debug|Any CPU
		{9742CAA5-B43E-43A4-9395-8E76CFE51FE7}.Debug|iPhone.Build.0 = Debug|Any CPU
		{9742CAA5-B43E-43A4-9395-8E76CFE51FE7}.Debug|iPhone.Deploy.0 = Debug|Any CPU
		{9742CAA5-B43E-43A4-9395-8E76CFE51FE7}.Debug|iPhoneSimulator.ActiveCfg = Debug|Any CPU
		{9742CAA5-B43E-43A4-9395-8E76CFE51FE7}.Debug|iPhoneSimulator.Build.0 = Debug|Any CPU
		{9742CAA5-B43E-43A4-9395-8E76CFE51FE7}.Debug|iPhoneSimulator.Deploy.0 = Debug|Any CPU
		{9742CAA5-B43E-43A4-9395-8E76CFE51FE7}.Debug|x64.ActiveCfg = Debug|Any CPU
		{9742CAA5-B43E-43A4-9395-8E76CFE51FE7}.Debug|x64.Build.0 = Debug|Any CPU
		{9742CAA5-B43E-43A4-9395-8E76CFE51FE7}.Debug|x64.Deploy.0 = Debug|Any CPU
		{9742CAA5-B43E-43A4-9395-8E76CFE51FE7}.Debug|x86.ActiveCfg = Debug|Any CPU
		{9742CAA5-B43E-43A4-9395-8E76CFE51FE7}.Debug|x86.Build.0 = Debug|Any CPU
		{9742CAA5-B43E-43A4-9395-8E76CFE51FE7}.Debug|x86.Deploy.0 = Debug|Any CPU
		{9742CAA5-B43E-43A4-9395-8E76CFE51FE7}.Release|Any CPU.ActiveCfg = Release|Any CPU
		{9742CAA5-B43E-43A4-9395-8E76CFE51FE7}.Release|Any CPU.Build.0 = Release|Any CPU
		{9742CAA5-B43E-43A4-9395-8E76CFE51FE7}.Release|Any CPU.Deploy.0 = Release|Any CPU
		{9742CAA5-B43E-43A4-9395-8E76CFE51FE7}.Release|ARM.ActiveCfg = Release|Any CPU
		{9742CAA5-B43E-43A4-9395-8E76CFE51FE7}.Release|ARM.Build.0 = Release|Any CPU
		{9742CAA5-B43E-43A4-9395-8E76CFE51FE7}.Release|ARM.Deploy.0 = Release|Any CPU
		{9742CAA5-B43E-43A4-9395-8E76CFE51FE7}.Release|iPhone.ActiveCfg = Release|Any CPU
		{9742CAA5-B43E-43A4-9395-8E76CFE51FE7}.Release|iPhone.Build.0 = Release|Any CPU
		{9742CAA5-B43E-43A4-9395-8E76CFE51FE7}.Release|iPhone.Deploy.0 = Release|Any CPU
		{9742CAA5-B43E-43A4-9395-8E76CFE51FE7}.Release|iPhoneSimulator.ActiveCfg = Release|Any CPU
		{9742CAA5-B43E-43A4-9395-8E76CFE51FE7}.Release|iPhoneSimulator.Build.0 = Release|Any CPU
		{9742CAA5-B43E-43A4-9395-8E76CFE51FE7}.Release|iPhoneSimulator.Deploy.0 = Release|Any CPU
		{9742CAA5-B43E-43A4-9395-8E76CFE51FE7}.Release|x64.ActiveCfg = Release|Any CPU
		{9742CAA5-B43E-43A4-9395-8E76CFE51FE7}.Release|x64.Build.0 = Release|Any CPU
		{9742CAA5-B43E-43A4-9395-8E76CFE51FE7}.Release|x64.Deploy.0 = Release|Any CPU
		{9742CAA5-B43E-43A4-9395-8E76CFE51FE7}.Release|x86.ActiveCfg = Release|Any CPU
		{9742CAA5-B43E-43A4-9395-8E76CFE51FE7}.Release|x86.Build.0 = Release|Any CPU
		{9742CAA5-B43E-43A4-9395-8E76CFE51FE7}.Release|x86.Deploy.0 = Release|Any CPU
		{DB0EEC8A-9CA1-4E54-8C9B-220597C04671}.Ad-Hoc|Any CPU.ActiveCfg = Ad-Hoc|iPhoneSimulator
		{DB0EEC8A-9CA1-4E54-8C9B-220597C04671}.Ad-Hoc|ARM.ActiveCfg = Ad-Hoc|iPhoneSimulator
		{DB0EEC8A-9CA1-4E54-8C9B-220597C04671}.Ad-Hoc|iPhone.ActiveCfg = Ad-Hoc|iPhone
		{DB0EEC8A-9CA1-4E54-8C9B-220597C04671}.Ad-Hoc|iPhone.Build.0 = Ad-Hoc|iPhone
		{DB0EEC8A-9CA1-4E54-8C9B-220597C04671}.Ad-Hoc|iPhoneSimulator.ActiveCfg = Ad-Hoc|iPhoneSimulator
		{DB0EEC8A-9CA1-4E54-8C9B-220597C04671}.Ad-Hoc|iPhoneSimulator.Build.0 = Ad-Hoc|iPhoneSimulator
		{DB0EEC8A-9CA1-4E54-8C9B-220597C04671}.Ad-Hoc|x64.ActiveCfg = Ad-Hoc|iPhoneSimulator
		{DB0EEC8A-9CA1-4E54-8C9B-220597C04671}.Ad-Hoc|x86.ActiveCfg = Ad-Hoc|iPhoneSimulator
		{DB0EEC8A-9CA1-4E54-8C9B-220597C04671}.AppStore|Any CPU.ActiveCfg = AppStore|iPhoneSimulator
		{DB0EEC8A-9CA1-4E54-8C9B-220597C04671}.AppStore|ARM.ActiveCfg = AppStore|iPhoneSimulator
		{DB0EEC8A-9CA1-4E54-8C9B-220597C04671}.AppStore|iPhone.ActiveCfg = AppStore|iPhone
		{DB0EEC8A-9CA1-4E54-8C9B-220597C04671}.AppStore|iPhone.Build.0 = AppStore|iPhone
		{DB0EEC8A-9CA1-4E54-8C9B-220597C04671}.AppStore|iPhoneSimulator.ActiveCfg = AppStore|iPhoneSimulator
		{DB0EEC8A-9CA1-4E54-8C9B-220597C04671}.AppStore|iPhoneSimulator.Build.0 = AppStore|iPhoneSimulator
		{DB0EEC8A-9CA1-4E54-8C9B-220597C04671}.AppStore|x64.ActiveCfg = AppStore|iPhoneSimulator
		{DB0EEC8A-9CA1-4E54-8C9B-220597C04671}.AppStore|x86.ActiveCfg = AppStore|iPhoneSimulator
		{DB0EEC8A-9CA1-4E54-8C9B-220597C04671}.Debug|Any CPU.ActiveCfg = Debug|iPhoneSimulator
		{DB0EEC8A-9CA1-4E54-8C9B-220597C04671}.Debug|ARM.ActiveCfg = Debug|iPhoneSimulator
		{DB0EEC8A-9CA1-4E54-8C9B-220597C04671}.Debug|iPhone.ActiveCfg = Debug|iPhone
		{DB0EEC8A-9CA1-4E54-8C9B-220597C04671}.Debug|iPhone.Build.0 = Debug|iPhone
		{DB0EEC8A-9CA1-4E54-8C9B-220597C04671}.Debug|iPhoneSimulator.ActiveCfg = Debug|iPhoneSimulator
		{DB0EEC8A-9CA1-4E54-8C9B-220597C04671}.Debug|iPhoneSimulator.Build.0 = Debug|iPhoneSimulator
		{DB0EEC8A-9CA1-4E54-8C9B-220597C04671}.Debug|x64.ActiveCfg = Debug|iPhoneSimulator
		{DB0EEC8A-9CA1-4E54-8C9B-220597C04671}.Debug|x86.ActiveCfg = Debug|iPhoneSimulator
		{DB0EEC8A-9CA1-4E54-8C9B-220597C04671}.Release|Any CPU.ActiveCfg = Release|iPhoneSimulator
		{DB0EEC8A-9CA1-4E54-8C9B-220597C04671}.Release|ARM.ActiveCfg = Release|iPhoneSimulator
		{DB0EEC8A-9CA1-4E54-8C9B-220597C04671}.Release|iPhone.ActiveCfg = Release|iPhone
		{DB0EEC8A-9CA1-4E54-8C9B-220597C04671}.Release|iPhone.Build.0 = Release|iPhone
		{DB0EEC8A-9CA1-4E54-8C9B-220597C04671}.Release|iPhoneSimulator.ActiveCfg = Release|iPhoneSimulator
		{DB0EEC8A-9CA1-4E54-8C9B-220597C04671}.Release|iPhoneSimulator.Build.0 = Release|iPhoneSimulator
		{DB0EEC8A-9CA1-4E54-8C9B-220597C04671}.Release|x64.ActiveCfg = Release|iPhoneSimulator
		{DB0EEC8A-9CA1-4E54-8C9B-220597C04671}.Release|x86.ActiveCfg = Release|iPhoneSimulator
		{DB0EEC8A-9CA1-4E54-8C9B-220597C04671}.Debug|Any CPU.Build.0 = Debug|iPhoneSimulator
		{86417FEC-F1EE-4AB5-B797-602CC896CA6C}.Ad-Hoc|Any CPU.ActiveCfg = Debug|ARM
		{86417FEC-F1EE-4AB5-B797-602CC896CA6C}.Ad-Hoc|Any CPU.Build.0 = Debug|ARM
		{86417FEC-F1EE-4AB5-B797-602CC896CA6C}.Ad-Hoc|Any CPU.Deploy.0 = Debug|ARM
		{86417FEC-F1EE-4AB5-B797-602CC896CA6C}.Ad-Hoc|ARM.ActiveCfg = Debug|ARM
		{86417FEC-F1EE-4AB5-B797-602CC896CA6C}.Ad-Hoc|ARM.Build.0 = Debug|ARM
		{86417FEC-F1EE-4AB5-B797-602CC896CA6C}.Ad-Hoc|ARM.Deploy.0 = Debug|ARM
		{86417FEC-F1EE-4AB5-B797-602CC896CA6C}.Ad-Hoc|iPhone.ActiveCfg = Debug|ARM
		{86417FEC-F1EE-4AB5-B797-602CC896CA6C}.Ad-Hoc|iPhone.Build.0 = Debug|ARM
		{86417FEC-F1EE-4AB5-B797-602CC896CA6C}.Ad-Hoc|iPhone.Deploy.0 = Debug|ARM
		{86417FEC-F1EE-4AB5-B797-602CC896CA6C}.Ad-Hoc|iPhoneSimulator.ActiveCfg = Debug|ARM
		{86417FEC-F1EE-4AB5-B797-602CC896CA6C}.Ad-Hoc|iPhoneSimulator.Build.0 = Debug|ARM
		{86417FEC-F1EE-4AB5-B797-602CC896CA6C}.Ad-Hoc|iPhoneSimulator.Deploy.0 = Debug|ARM
		{86417FEC-F1EE-4AB5-B797-602CC896CA6C}.Ad-Hoc|x64.ActiveCfg = Debug|x64
		{86417FEC-F1EE-4AB5-B797-602CC896CA6C}.Ad-Hoc|x64.Build.0 = Debug|x64
		{86417FEC-F1EE-4AB5-B797-602CC896CA6C}.Ad-Hoc|x64.Deploy.0 = Debug|x64
		{86417FEC-F1EE-4AB5-B797-602CC896CA6C}.Ad-Hoc|x86.ActiveCfg = Debug|x86
		{86417FEC-F1EE-4AB5-B797-602CC896CA6C}.Ad-Hoc|x86.Build.0 = Debug|x86
		{86417FEC-F1EE-4AB5-B797-602CC896CA6C}.Ad-Hoc|x86.Deploy.0 = Debug|x86
		{86417FEC-F1EE-4AB5-B797-602CC896CA6C}.AppStore|Any CPU.ActiveCfg = Debug|ARM
		{86417FEC-F1EE-4AB5-B797-602CC896CA6C}.AppStore|Any CPU.Build.0 = Debug|ARM
		{86417FEC-F1EE-4AB5-B797-602CC896CA6C}.AppStore|Any CPU.Deploy.0 = Debug|ARM
		{86417FEC-F1EE-4AB5-B797-602CC896CA6C}.AppStore|ARM.ActiveCfg = Debug|ARM
		{86417FEC-F1EE-4AB5-B797-602CC896CA6C}.AppStore|ARM.Build.0 = Debug|ARM
		{86417FEC-F1EE-4AB5-B797-602CC896CA6C}.AppStore|ARM.Deploy.0 = Debug|ARM
		{86417FEC-F1EE-4AB5-B797-602CC896CA6C}.AppStore|iPhone.ActiveCfg = Debug|ARM
		{86417FEC-F1EE-4AB5-B797-602CC896CA6C}.AppStore|iPhone.Build.0 = Debug|ARM
		{86417FEC-F1EE-4AB5-B797-602CC896CA6C}.AppStore|iPhone.Deploy.0 = Debug|ARM
		{86417FEC-F1EE-4AB5-B797-602CC896CA6C}.AppStore|iPhoneSimulator.ActiveCfg = Debug|ARM
		{86417FEC-F1EE-4AB5-B797-602CC896CA6C}.AppStore|iPhoneSimulator.Build.0 = Debug|ARM
		{86417FEC-F1EE-4AB5-B797-602CC896CA6C}.AppStore|iPhoneSimulator.Deploy.0 = Debug|ARM
		{86417FEC-F1EE-4AB5-B797-602CC896CA6C}.AppStore|x64.ActiveCfg = Debug|x64
		{86417FEC-F1EE-4AB5-B797-602CC896CA6C}.AppStore|x64.Build.0 = Debug|x64
		{86417FEC-F1EE-4AB5-B797-602CC896CA6C}.AppStore|x64.Deploy.0 = Debug|x64
		{86417FEC-F1EE-4AB5-B797-602CC896CA6C}.AppStore|x86.ActiveCfg = Debug|x86
		{86417FEC-F1EE-4AB5-B797-602CC896CA6C}.AppStore|x86.Build.0 = Debug|x86
		{86417FEC-F1EE-4AB5-B797-602CC896CA6C}.AppStore|x86.Deploy.0 = Debug|x86
		{86417FEC-F1EE-4AB5-B797-602CC896CA6C}.Debug|Any CPU.ActiveCfg = Debug|x86
		{86417FEC-F1EE-4AB5-B797-602CC896CA6C}.Debug|Any CPU.Build.0 = Debug|x86
		{86417FEC-F1EE-4AB5-B797-602CC896CA6C}.Debug|Any CPU.Deploy.0 = Debug|x86
		{86417FEC-F1EE-4AB5-B797-602CC896CA6C}.Debug|ARM.ActiveCfg = Debug|ARM
		{86417FEC-F1EE-4AB5-B797-602CC896CA6C}.Debug|ARM.Build.0 = Debug|ARM
		{86417FEC-F1EE-4AB5-B797-602CC896CA6C}.Debug|ARM.Deploy.0 = Debug|ARM
		{86417FEC-F1EE-4AB5-B797-602CC896CA6C}.Debug|iPhone.ActiveCfg = Debug|x86
		{86417FEC-F1EE-4AB5-B797-602CC896CA6C}.Debug|iPhoneSimulator.ActiveCfg = Debug|x86
		{86417FEC-F1EE-4AB5-B797-602CC896CA6C}.Debug|x64.ActiveCfg = Debug|x64
		{86417FEC-F1EE-4AB5-B797-602CC896CA6C}.Debug|x64.Build.0 = Debug|x64
		{86417FEC-F1EE-4AB5-B797-602CC896CA6C}.Debug|x64.Deploy.0 = Debug|x64
		{86417FEC-F1EE-4AB5-B797-602CC896CA6C}.Debug|x86.ActiveCfg = Debug|x86
		{86417FEC-F1EE-4AB5-B797-602CC896CA6C}.Debug|x86.Build.0 = Debug|x86
		{86417FEC-F1EE-4AB5-B797-602CC896CA6C}.Debug|x86.Deploy.0 = Debug|x86
		{86417FEC-F1EE-4AB5-B797-602CC896CA6C}.Release|Any CPU.ActiveCfg = Release|x86
		{86417FEC-F1EE-4AB5-B797-602CC896CA6C}.Release|ARM.ActiveCfg = Release|ARM
		{86417FEC-F1EE-4AB5-B797-602CC896CA6C}.Release|ARM.Build.0 = Release|ARM
		{86417FEC-F1EE-4AB5-B797-602CC896CA6C}.Release|ARM.Deploy.0 = Release|ARM
		{86417FEC-F1EE-4AB5-B797-602CC896CA6C}.Release|iPhone.ActiveCfg = Release|x86
		{86417FEC-F1EE-4AB5-B797-602CC896CA6C}.Release|iPhoneSimulator.ActiveCfg = Release|x86
		{86417FEC-F1EE-4AB5-B797-602CC896CA6C}.Release|x64.ActiveCfg = Release|x64
		{86417FEC-F1EE-4AB5-B797-602CC896CA6C}.Release|x64.Build.0 = Release|x64
		{86417FEC-F1EE-4AB5-B797-602CC896CA6C}.Release|x64.Deploy.0 = Release|x64
		{86417FEC-F1EE-4AB5-B797-602CC896CA6C}.Release|x86.ActiveCfg = Release|x86
		{86417FEC-F1EE-4AB5-B797-602CC896CA6C}.Release|x86.Build.0 = Release|x86
		{86417FEC-F1EE-4AB5-B797-602CC896CA6C}.Release|x86.Deploy.0 = Release|x86
		{17CCFF9F-0A17-4484-9D6F-AFAD1F255843}.Ad-Hoc|Any CPU.ActiveCfg = Debug|Any CPU
		{17CCFF9F-0A17-4484-9D6F-AFAD1F255843}.Ad-Hoc|Any CPU.Build.0 = Debug|Any CPU
		{17CCFF9F-0A17-4484-9D6F-AFAD1F255843}.Ad-Hoc|ARM.ActiveCfg = Debug|Any CPU
		{17CCFF9F-0A17-4484-9D6F-AFAD1F255843}.Ad-Hoc|ARM.Build.0 = Debug|Any CPU
		{17CCFF9F-0A17-4484-9D6F-AFAD1F255843}.Ad-Hoc|iPhone.ActiveCfg = Debug|Any CPU
		{17CCFF9F-0A17-4484-9D6F-AFAD1F255843}.Ad-Hoc|iPhone.Build.0 = Debug|Any CPU
		{17CCFF9F-0A17-4484-9D6F-AFAD1F255843}.Ad-Hoc|iPhoneSimulator.ActiveCfg = Debug|Any CPU
		{17CCFF9F-0A17-4484-9D6F-AFAD1F255843}.Ad-Hoc|iPhoneSimulator.Build.0 = Debug|Any CPU
		{17CCFF9F-0A17-4484-9D6F-AFAD1F255843}.Ad-Hoc|x64.ActiveCfg = Debug|Any CPU
		{17CCFF9F-0A17-4484-9D6F-AFAD1F255843}.Ad-Hoc|x64.Build.0 = Debug|Any CPU
		{17CCFF9F-0A17-4484-9D6F-AFAD1F255843}.Ad-Hoc|x86.ActiveCfg = Debug|Any CPU
		{17CCFF9F-0A17-4484-9D6F-AFAD1F255843}.Ad-Hoc|x86.Build.0 = Debug|Any CPU
		{17CCFF9F-0A17-4484-9D6F-AFAD1F255843}.AppStore|Any CPU.ActiveCfg = Debug|Any CPU
		{17CCFF9F-0A17-4484-9D6F-AFAD1F255843}.AppStore|Any CPU.Build.0 = Debug|Any CPU
		{17CCFF9F-0A17-4484-9D6F-AFAD1F255843}.AppStore|ARM.ActiveCfg = Debug|Any CPU
		{17CCFF9F-0A17-4484-9D6F-AFAD1F255843}.AppStore|ARM.Build.0 = Debug|Any CPU
		{17CCFF9F-0A17-4484-9D6F-AFAD1F255843}.AppStore|iPhone.ActiveCfg = Debug|Any CPU
		{17CCFF9F-0A17-4484-9D6F-AFAD1F255843}.AppStore|iPhone.Build.0 = Debug|Any CPU
		{17CCFF9F-0A17-4484-9D6F-AFAD1F255843}.AppStore|iPhoneSimulator.ActiveCfg = Debug|Any CPU
		{17CCFF9F-0A17-4484-9D6F-AFAD1F255843}.AppStore|iPhoneSimulator.Build.0 = Debug|Any CPU
		{17CCFF9F-0A17-4484-9D6F-AFAD1F255843}.AppStore|x64.ActiveCfg = Debug|Any CPU
		{17CCFF9F-0A17-4484-9D6F-AFAD1F255843}.AppStore|x64.Build.0 = Debug|Any CPU
		{17CCFF9F-0A17-4484-9D6F-AFAD1F255843}.AppStore|x86.ActiveCfg = Debug|Any CPU
		{17CCFF9F-0A17-4484-9D6F-AFAD1F255843}.AppStore|x86.Build.0 = Debug|Any CPU
		{17CCFF9F-0A17-4484-9D6F-AFAD1F255843}.Debug|Any CPU.ActiveCfg = Debug|Any CPU
		{17CCFF9F-0A17-4484-9D6F-AFAD1F255843}.Debug|Any CPU.Build.0 = Debug|Any CPU
		{17CCFF9F-0A17-4484-9D6F-AFAD1F255843}.Debug|ARM.ActiveCfg = Debug|Any CPU
		{17CCFF9F-0A17-4484-9D6F-AFAD1F255843}.Debug|ARM.Build.0 = Debug|Any CPU
		{17CCFF9F-0A17-4484-9D6F-AFAD1F255843}.Debug|iPhone.ActiveCfg = Debug|Any CPU
		{17CCFF9F-0A17-4484-9D6F-AFAD1F255843}.Debug|iPhone.Build.0 = Debug|Any CPU
		{17CCFF9F-0A17-4484-9D6F-AFAD1F255843}.Debug|iPhoneSimulator.ActiveCfg = Debug|Any CPU
		{17CCFF9F-0A17-4484-9D6F-AFAD1F255843}.Debug|iPhoneSimulator.Build.0 = Debug|Any CPU
		{17CCFF9F-0A17-4484-9D6F-AFAD1F255843}.Debug|x64.ActiveCfg = Debug|Any CPU
		{17CCFF9F-0A17-4484-9D6F-AFAD1F255843}.Debug|x64.Build.0 = Debug|Any CPU
		{17CCFF9F-0A17-4484-9D6F-AFAD1F255843}.Debug|x86.ActiveCfg = Debug|Any CPU
		{17CCFF9F-0A17-4484-9D6F-AFAD1F255843}.Debug|x86.Build.0 = Debug|Any CPU
		{17CCFF9F-0A17-4484-9D6F-AFAD1F255843}.Release|Any CPU.ActiveCfg = Release|Any CPU
		{17CCFF9F-0A17-4484-9D6F-AFAD1F255843}.Release|Any CPU.Build.0 = Release|Any CPU
		{17CCFF9F-0A17-4484-9D6F-AFAD1F255843}.Release|ARM.ActiveCfg = Release|Any CPU
		{17CCFF9F-0A17-4484-9D6F-AFAD1F255843}.Release|ARM.Build.0 = Release|Any CPU
		{17CCFF9F-0A17-4484-9D6F-AFAD1F255843}.Release|iPhone.ActiveCfg = Release|Any CPU
		{17CCFF9F-0A17-4484-9D6F-AFAD1F255843}.Release|iPhone.Build.0 = Release|Any CPU
		{17CCFF9F-0A17-4484-9D6F-AFAD1F255843}.Release|iPhoneSimulator.ActiveCfg = Release|Any CPU
		{17CCFF9F-0A17-4484-9D6F-AFAD1F255843}.Release|iPhoneSimulator.Build.0 = Release|Any CPU
		{17CCFF9F-0A17-4484-9D6F-AFAD1F255843}.Release|x64.ActiveCfg = Release|Any CPU
		{17CCFF9F-0A17-4484-9D6F-AFAD1F255843}.Release|x64.Build.0 = Release|Any CPU
		{17CCFF9F-0A17-4484-9D6F-AFAD1F255843}.Release|x86.ActiveCfg = Release|Any CPU
		{17CCFF9F-0A17-4484-9D6F-AFAD1F255843}.Release|x86.Build.0 = Release|Any CPU
		{6A3ED429-D3BA-4AF5-82BE-3D7A5169FB69}.Ad-Hoc|Any CPU.ActiveCfg = Debug|Any CPU
		{6A3ED429-D3BA-4AF5-82BE-3D7A5169FB69}.Ad-Hoc|Any CPU.Build.0 = Debug|Any CPU
		{6A3ED429-D3BA-4AF5-82BE-3D7A5169FB69}.Ad-Hoc|ARM.ActiveCfg = Debug|Any CPU
		{6A3ED429-D3BA-4AF5-82BE-3D7A5169FB69}.Ad-Hoc|ARM.Build.0 = Debug|Any CPU
		{6A3ED429-D3BA-4AF5-82BE-3D7A5169FB69}.Ad-Hoc|iPhone.ActiveCfg = Debug|Any CPU
		{6A3ED429-D3BA-4AF5-82BE-3D7A5169FB69}.Ad-Hoc|iPhone.Build.0 = Debug|Any CPU
		{6A3ED429-D3BA-4AF5-82BE-3D7A5169FB69}.Ad-Hoc|iPhoneSimulator.ActiveCfg = Debug|Any CPU
		{6A3ED429-D3BA-4AF5-82BE-3D7A5169FB69}.Ad-Hoc|iPhoneSimulator.Build.0 = Debug|Any CPU
		{6A3ED429-D3BA-4AF5-82BE-3D7A5169FB69}.Ad-Hoc|x64.ActiveCfg = Debug|Any CPU
		{6A3ED429-D3BA-4AF5-82BE-3D7A5169FB69}.Ad-Hoc|x64.Build.0 = Debug|Any CPU
		{6A3ED429-D3BA-4AF5-82BE-3D7A5169FB69}.Ad-Hoc|x86.ActiveCfg = Debug|Any CPU
		{6A3ED429-D3BA-4AF5-82BE-3D7A5169FB69}.Ad-Hoc|x86.Build.0 = Debug|Any CPU
		{6A3ED429-D3BA-4AF5-82BE-3D7A5169FB69}.AppStore|Any CPU.ActiveCfg = Debug|Any CPU
		{6A3ED429-D3BA-4AF5-82BE-3D7A5169FB69}.AppStore|Any CPU.Build.0 = Debug|Any CPU
		{6A3ED429-D3BA-4AF5-82BE-3D7A5169FB69}.AppStore|ARM.ActiveCfg = Debug|Any CPU
		{6A3ED429-D3BA-4AF5-82BE-3D7A5169FB69}.AppStore|ARM.Build.0 = Debug|Any CPU
		{6A3ED429-D3BA-4AF5-82BE-3D7A5169FB69}.AppStore|iPhone.ActiveCfg = Debug|Any CPU
		{6A3ED429-D3BA-4AF5-82BE-3D7A5169FB69}.AppStore|iPhone.Build.0 = Debug|Any CPU
		{6A3ED429-D3BA-4AF5-82BE-3D7A5169FB69}.AppStore|iPhoneSimulator.ActiveCfg = Debug|Any CPU
		{6A3ED429-D3BA-4AF5-82BE-3D7A5169FB69}.AppStore|iPhoneSimulator.Build.0 = Debug|Any CPU
		{6A3ED429-D3BA-4AF5-82BE-3D7A5169FB69}.AppStore|x64.ActiveCfg = Debug|Any CPU
		{6A3ED429-D3BA-4AF5-82BE-3D7A5169FB69}.AppStore|x64.Build.0 = Debug|Any CPU
		{6A3ED429-D3BA-4AF5-82BE-3D7A5169FB69}.AppStore|x86.ActiveCfg = Debug|Any CPU
		{6A3ED429-D3BA-4AF5-82BE-3D7A5169FB69}.AppStore|x86.Build.0 = Debug|Any CPU
		{6A3ED429-D3BA-4AF5-82BE-3D7A5169FB69}.Debug|Any CPU.ActiveCfg = Debug|Any CPU
		{6A3ED429-D3BA-4AF5-82BE-3D7A5169FB69}.Debug|Any CPU.Build.0 = Debug|Any CPU
		{6A3ED429-D3BA-4AF5-82BE-3D7A5169FB69}.Debug|ARM.ActiveCfg = Debug|Any CPU
		{6A3ED429-D3BA-4AF5-82BE-3D7A5169FB69}.Debug|ARM.Build.0 = Debug|Any CPU
		{6A3ED429-D3BA-4AF5-82BE-3D7A5169FB69}.Debug|iPhone.ActiveCfg = Debug|Any CPU
		{6A3ED429-D3BA-4AF5-82BE-3D7A5169FB69}.Debug|iPhone.Build.0 = Debug|Any CPU
		{6A3ED429-D3BA-4AF5-82BE-3D7A5169FB69}.Debug|iPhoneSimulator.ActiveCfg = Debug|Any CPU
		{6A3ED429-D3BA-4AF5-82BE-3D7A5169FB69}.Debug|iPhoneSimulator.Build.0 = Debug|Any CPU
		{6A3ED429-D3BA-4AF5-82BE-3D7A5169FB69}.Debug|x64.ActiveCfg = Debug|Any CPU
		{6A3ED429-D3BA-4AF5-82BE-3D7A5169FB69}.Debug|x64.Build.0 = Debug|Any CPU
		{6A3ED429-D3BA-4AF5-82BE-3D7A5169FB69}.Debug|x86.ActiveCfg = Debug|Any CPU
		{6A3ED429-D3BA-4AF5-82BE-3D7A5169FB69}.Debug|x86.Build.0 = Debug|Any CPU
		{6A3ED429-D3BA-4AF5-82BE-3D7A5169FB69}.Release|Any CPU.ActiveCfg = Release|Any CPU
		{6A3ED429-D3BA-4AF5-82BE-3D7A5169FB69}.Release|Any CPU.Build.0 = Release|Any CPU
		{6A3ED429-D3BA-4AF5-82BE-3D7A5169FB69}.Release|ARM.ActiveCfg = Release|Any CPU
		{6A3ED429-D3BA-4AF5-82BE-3D7A5169FB69}.Release|ARM.Build.0 = Release|Any CPU
		{6A3ED429-D3BA-4AF5-82BE-3D7A5169FB69}.Release|iPhone.ActiveCfg = Release|Any CPU
		{6A3ED429-D3BA-4AF5-82BE-3D7A5169FB69}.Release|iPhone.Build.0 = Release|Any CPU
		{6A3ED429-D3BA-4AF5-82BE-3D7A5169FB69}.Release|iPhoneSimulator.ActiveCfg = Release|Any CPU
		{6A3ED429-D3BA-4AF5-82BE-3D7A5169FB69}.Release|iPhoneSimulator.Build.0 = Release|Any CPU
		{6A3ED429-D3BA-4AF5-82BE-3D7A5169FB69}.Release|x64.ActiveCfg = Release|Any CPU
		{6A3ED429-D3BA-4AF5-82BE-3D7A5169FB69}.Release|x64.Build.0 = Release|Any CPU
		{6A3ED429-D3BA-4AF5-82BE-3D7A5169FB69}.Release|x86.ActiveCfg = Release|Any CPU
		{6A3ED429-D3BA-4AF5-82BE-3D7A5169FB69}.Release|x86.Build.0 = Release|Any CPU
	EndGlobalSection
	GlobalSection(SolutionProperties) = preSolution
		HideSolutionNode = FALSE
	EndGlobalSection
	GlobalSection(NestedProjects) = preSolution
		{0EEC22EA-0FB4-4AE6-8194-2AF6D72D6BD4} = {E31DB6FD-F9E5-4E03-B05F-D72842977BB8}
		{71833843-896D-438E-B879-44C7D6BDA1AE} = {66D437E2-C5EE-4FB7-A394-0FE76B681C99}
		{9742CAA5-B43E-43A4-9395-8E76CFE51FE7} = {66D437E2-C5EE-4FB7-A394-0FE76B681C99}
		{DB0EEC8A-9CA1-4E54-8C9B-220597C04671} = {66D437E2-C5EE-4FB7-A394-0FE76B681C99}
		{86417FEC-F1EE-4AB5-B797-602CC896CA6C} = {66D437E2-C5EE-4FB7-A394-0FE76B681C99}
	EndGlobalSection
	GlobalSection(ExtensibilityGlobals) = postSolution
		SolutionGuid = {85031899-2454-48D4-8692-434EE204AC5C}
	EndGlobalSection
EndGlobal
