
Microsoft Visual Studio Solution File, Format Version 12.00
# Visual Studio Version 16
VisualStudioVersion = 16.0.31313.79
MinimumVisualStudioVersion = 10.0.40219.1
Project("{2150E333-8FDC-42A3-9474-1A3956D46DE8}") = "Solution Items", "Solution Items", "{84CD293C-C140-4DE3-90B1-7E3E1A7C9C15}"
	ProjectSection(SolutionItems) = preProject
		.editorconfig = .editorconfig
		.gitignore = .gitignore
		nuget.config = nuget.config
	EndProjectSection
EndProject
Project("{9A19103F-16F7-4668-BE54-9A1E7A4F7556}") = "ClimbingMap.Domain", "ClimbingMap.Domain\ClimbingMap.Domain.csproj", "{81CA96AC-4410-4AA5-8428-02A62B586AE8}"
EndProject
Project("{9A19103F-16F7-4668-BE54-9A1E7A4F7556}") = "ClimbingMap.Wpf", "ClimbingMap.Wpf\ClimbingMap.Wpf.csproj", "{0EEC22EA-0FB4-4AE6-8194-2AF6D72D6BD4}"
EndProject
Global
	GlobalSection(SolutionConfigurationPlatforms) = preSolution
		Ad-Hoc|Any CPU = Ad-Hoc|Any CPU
		Ad-Hoc|ARM = Ad-Hoc|ARM
		Ad-Hoc|iPhone = Ad-Hoc|iPhone
		Ad-Hoc|iPhoneSimulator = Ad-Hoc|iPhoneSimulator
		Ad-Hoc|x64 = Ad-Hoc|x64
		Ad-Hoc|x86 = Ad-Hoc|x86
		AppStore|Any CPU = AppStore|Any CPU
		AppStore|ARM = AppStore|ARM
		AppStore|iPhone = AppStore|iPhone
		AppStore|iPhoneSimulator = AppStore|iPhoneSimulator
		AppStore|x64 = AppStore|x64
		AppStore|x86 = AppStore|x86
		Debug|Any CPU = Debug|Any CPU
		Debug|ARM = Debug|ARM
		Debug|iPhone = Debug|iPhone
		Debug|iPhoneSimulator = Debug|iPhoneSimulator
		Debug|x64 = Debug|x64
		Debug|x86 = Debug|x86
		Release|Any CPU = Release|Any CPU
		Release|ARM = Release|ARM
		Release|iPhone = Release|iPhone
		Release|iPhoneSimulator = Release|iPhoneSimulator
		Release|x64 = Release|x64
		Release|x86 = Release|x86
	EndGlobalSection
	GlobalSection(ProjectConfigurationPlatforms) = postSolution
		{81CA96AC-4410-4AA5-8428-02A62B586AE8}.Ad-Hoc|Any CPU.ActiveCfg = Debug|Any CPU
		{81CA96AC-4410-4AA5-8428-02A62B586AE8}.Ad-Hoc|Any CPU.Build.0 = Debug|Any CPU
		{81CA96AC-4410-4AA5-8428-02A62B586AE8}.Ad-Hoc|ARM.ActiveCfg = Debug|Any CPU
		{81CA96AC-4410-4AA5-8428-02A62B586AE8}.Ad-Hoc|ARM.Build.0 = Debug|Any CPU
		{81CA96AC-4410-4AA5-8428-02A62B586AE8}.Ad-Hoc|iPhone.ActiveCfg = Debug|Any CPU
		{81CA96AC-4410-4AA5-8428-02A62B586AE8}.Ad-Hoc|iPhone.Build.0 = Debug|Any CPU
		{81CA96AC-4410-4AA5-8428-02A62B586AE8}.Ad-Hoc|iPhoneSimulator.ActiveCfg = Debug|Any CPU
		{81CA96AC-4410-4AA5-8428-02A62B586AE8}.Ad-Hoc|iPhoneSimulator.Build.0 = Debug|Any CPU
		{81CA96AC-4410-4AA5-8428-02A62B586AE8}.Ad-Hoc|x64.ActiveCfg = Debug|Any CPU
		{81CA96AC-4410-4AA5-8428-02A62B586AE8}.Ad-Hoc|x64.Build.0 = Debug|Any CPU
		{81CA96AC-4410-4AA5-8428-02A62B586AE8}.Ad-Hoc|x86.ActiveCfg = Debug|Any CPU
		{81CA96AC-4410-4AA5-8428-02A62B586AE8}.Ad-Hoc|x86.Build.0 = Debug|Any CPU
		{81CA96AC-4410-4AA5-8428-02A62B586AE8}.AppStore|Any CPU.ActiveCfg = Debug|Any CPU
		{81CA96AC-4410-4AA5-8428-02A62B586AE8}.AppStore|Any CPU.Build.0 = Debug|Any CPU
		{81CA96AC-4410-4AA5-8428-02A62B586AE8}.AppStore|ARM.ActiveCfg = Debug|Any CPU
		{81CA96AC-4410-4AA5-8428-02A62B586AE8}.AppStore|ARM.Build.0 = Debug|Any CPU
		{81CA96AC-4410-4AA5-8428-02A62B586AE8}.AppStore|iPhone.ActiveCfg = Debug|Any CPU
		{81CA96AC-4410-4AA5-8428-02A62B586AE8}.AppStore|iPhone.Build.0 = Debug|Any CPU
		{81CA96AC-4410-4AA5-8428-02A62B586AE8}.AppStore|iPhoneSimulator.ActiveCfg = Debug|Any CPU
		{81CA96AC-4410-4AA5-8428-02A62B586AE8}.AppStore|iPhoneSimulator.Build.0 = Debug|Any CPU
		{81CA96AC-4410-4AA5-8428-02A62B586AE8}.AppStore|x64.ActiveCfg = Debug|Any CPU
		{81CA96AC-4410-4AA5-8428-02A62B586AE8}.AppStore|x64.Build.0 = Debug|Any CPU
		{81CA96AC-4410-4AA5-8428-02A62B586AE8}.AppStore|x86.ActiveCfg = Debug|Any CPU
		{81CA96AC-4410-4AA5-8428-02A62B586AE8}.AppStore|x86.Build.0 = Debug|Any CPU
		{81CA96AC-4410-4AA5-8428-02A62B586AE8}.Debug|Any CPU.ActiveCfg = Debug|Any CPU
		{81CA96AC-4410-4AA5-8428-02A62B586AE8}.Debug|Any CPU.Build.0 = Debug|Any CPU
		{81CA96AC-4410-4AA5-8428-02A62B586AE8}.Debug|ARM.ActiveCfg = Debug|Any CPU
		{81CA96AC-4410-4AA5-8428-02A62B586AE8}.Debug|ARM.Build.0 = Debug|Any CPU
		{81CA96AC-4410-4AA5-8428-02A62B586AE8}.Debug|iPhone.ActiveCfg = Debug|Any CPU
		{81CA96AC-4410-4AA5-8428-02A62B586AE8}.Debug|iPhone.Build.0 = Debug|Any CPU
		{81CA96AC-4410-4AA5-8428-02A62B586AE8}.Debug|iPhoneSimulator.ActiveCfg = Debug|Any CPU
		{81CA96AC-4410-4AA5-8428-02A62B586AE8}.Debug|iPhoneSimulator.Build.0 = Debug|Any CPU
		{81CA96AC-4410-4AA5-8428-02A62B586AE8}.Debug|x64.ActiveCfg = Debug|Any CPU
		{81CA96AC-4410-4AA5-8428-02A62B586AE8}.Debug|x64.Build.0 = Debug|Any CPU
		{81CA96AC-4410-4AA5-8428-02A62B586AE8}.Debug|x86.ActiveCfg = Debug|Any CPU
		{81CA96AC-4410-4AA5-8428-02A62B586AE8}.Debug|x86.Build.0 = Debug|Any CPU
		{81CA96AC-4410-4AA5-8428-02A62B586AE8}.Release|Any CPU.ActiveCfg = Release|Any CPU
		{81CA96AC-4410-4AA5-8428-02A62B586AE8}.Release|Any CPU.Build.0 = Release|Any CPU
		{81CA96AC-4410-4AA5-8428-02A62B586AE8}.Release|ARM.ActiveCfg = Release|Any CPU
		{81CA96AC-4410-4AA5-8428-02A62B586AE8}.Release|ARM.Build.0 = Release|Any CPU
		{81CA96AC-4410-4AA5-8428-02A62B586AE8}.Release|iPhone.ActiveCfg = Release|Any CPU
		{81CA96AC-4410-4AA5-8428-02A62B586AE8}.Release|iPhone.Build.0 = Release|Any CPU
		{81CA96AC-4410-4AA5-8428-02A62B586AE8}.Release|iPhoneSimulator.ActiveCfg = Release|Any CPU
		{81CA96AC-4410-4AA5-8428-02A62B586AE8}.Release|iPhoneSimulator.Build.0 = Release|Any CPU
		{81CA96AC-4410-4AA5-8428-02A62B586AE8}.Release|x64.ActiveCfg = Release|Any CPU
		{81CA96AC-4410-4AA5-8428-02A62B586AE8}.Release|x64.Build.0 = Release|Any CPU
		{81CA96AC-4410-4AA5-8428-02A62B586AE8}.Release|x86.ActiveCfg = Release|Any CPU
		{81CA96AC-4410-4AA5-8428-02A62B586AE8}.Release|x86.Build.0 = Release|Any CPU
		{0EEC22EA-0FB4-4AE6-8194-2AF6D72D6BD4}.Ad-Hoc|Any CPU.ActiveCfg = Debug|Any CPU
		{0EEC22EA-0FB4-4AE6-8194-2AF6D72D6BD4}.Ad-Hoc|Any CPU.Build.0 = Debug|Any CPU
		{0EEC22EA-0FB4-4AE6-8194-2AF6D72D6BD4}.Ad-Hoc|ARM.ActiveCfg = Debug|Any CPU
		{0EEC22EA-0FB4-4AE6-8194-2AF6D72D6BD4}.Ad-Hoc|ARM.Build.0 = Debug|Any CPU
		{0EEC22EA-0FB4-4AE6-8194-2AF6D72D6BD4}.Ad-Hoc|iPhone.ActiveCfg = Debug|Any CPU
		{0EEC22EA-0FB4-4AE6-8194-2AF6D72D6BD4}.Ad-Hoc|iPhone.Build.0 = Debug|Any CPU
		{0EEC22EA-0FB4-4AE6-8194-2AF6D72D6BD4}.Ad-Hoc|iPhoneSimulator.ActiveCfg = Debug|Any CPU
		{0EEC22EA-0FB4-4AE6-8194-2AF6D72D6BD4}.Ad-Hoc|iPhoneSimulator.Build.0 = Debug|Any CPU
		{0EEC22EA-0FB4-4AE6-8194-2AF6D72D6BD4}.Ad-Hoc|x64.ActiveCfg = Debug|Any CPU
		{0EEC22EA-0FB4-4AE6-8194-2AF6D72D6BD4}.Ad-Hoc|x64.Build.0 = Debug|Any CPU
		{0EEC22EA-0FB4-4AE6-8194-2AF6D72D6BD4}.Ad-Hoc|x86.ActiveCfg = Debug|Any CPU
		{0EEC22EA-0FB4-4AE6-8194-2AF6D72D6BD4}.Ad-Hoc|x86.Build.0 = Debug|Any CPU
		{0EEC22EA-0FB4-4AE6-8194-2AF6D72D6BD4}.AppStore|Any CPU.ActiveCfg = Debug|Any CPU
		{0EEC22EA-0FB4-4AE6-8194-2AF6D72D6BD4}.AppStore|Any CPU.Build.0 = Debug|Any CPU
		{0EEC22EA-0FB4-4AE6-8194-2AF6D72D6BD4}.AppStore|ARM.ActiveCfg = Debug|Any CPU
		{0EEC22EA-0FB4-4AE6-8194-2AF6D72D6BD4}.AppStore|ARM.Build.0 = Debug|Any CPU
		{0EEC22EA-0FB4-4AE6-8194-2AF6D72D6BD4}.AppStore|iPhone.ActiveCfg = Debug|Any CPU
		{0EEC22EA-0FB4-4AE6-8194-2AF6D72D6BD4}.AppStore|iPhone.Build.0 = Debug|Any CPU
		{0EEC22EA-0FB4-4AE6-8194-2AF6D72D6BD4}.AppStore|iPhoneSimulator.ActiveCfg = Debug|Any CPU
		{0EEC22EA-0FB4-4AE6-8194-2AF6D72D6BD4}.AppStore|iPhoneSimulator.Build.0 = Debug|Any CPU
		{0EEC22EA-0FB4-4AE6-8194-2AF6D72D6BD4}.AppStore|x64.ActiveCfg = Debug|Any CPU
		{0EEC22EA-0FB4-4AE6-8194-2AF6D72D6BD4}.AppStore|x64.Build.0 = Debug|Any CPU
		{0EEC22EA-0FB4-4AE6-8194-2AF6D72D6BD4}.AppStore|x86.ActiveCfg = Debug|Any CPU
		{0EEC22EA-0FB4-4AE6-8194-2AF6D72D6BD4}.AppStore|x86.Build.0 = Debug|Any CPU
		{0EEC22EA-0FB4-4AE6-8194-2AF6D72D6BD4}.Debug|Any CPU.ActiveCfg = Debug|Any CPU
		{0EEC22EA-0FB4-4AE6-8194-2AF6D72D6BD4}.Debug|Any CPU.Build.0 = Debug|Any CPU
		{0EEC22EA-0FB4-4AE6-8194-2AF6D72D6BD4}.Debug|ARM.ActiveCfg = Debug|Any CPU
		{0EEC22EA-0FB4-4AE6-8194-2AF6D72D6BD4}.Debug|ARM.Build.0 = Debug|Any CPU
		{0EEC22EA-0FB4-4AE6-8194-2AF6D72D6BD4}.Debug|iPhone.ActiveCfg = Debug|Any CPU
		{0EEC22EA-0FB4-4AE6-8194-2AF6D72D6BD4}.Debug|iPhone.Build.0 = Debug|Any CPU
		{0EEC22EA-0FB4-4AE6-8194-2AF6D72D6BD4}.Debug|iPhoneSimulator.ActiveCfg = Debug|Any CPU
		{0EEC22EA-0FB4-4AE6-8194-2AF6D72D6BD4}.Debug|iPhoneSimulator.Build.0 = Debug|Any CPU
		{0EEC22EA-0FB4-4AE6-8194-2AF6D72D6BD4}.Debug|x64.ActiveCfg = Debug|Any CPU
		{0EEC22EA-0FB4-4AE6-8194-2AF6D72D6BD4}.Debug|x64.Build.0 = Debug|Any CPU
		{0EEC22EA-0FB4-4AE6-8194-2AF6D72D6BD4}.Debug|x86.ActiveCfg = Debug|Any CPU
		{0EEC22EA-0FB4-4AE6-8194-2AF6D72D6BD4}.Debug|x86.Build.0 = Debug|Any CPU
		{0EEC22EA-0FB4-4AE6-8194-2AF6D72D6BD4}.Release|Any CPU.ActiveCfg = Release|Any CPU
		{0EEC22EA-0FB4-4AE6-8194-2AF6D72D6BD4}.Release|Any CPU.Build.0 = Release|Any CPU
		{0EEC22EA-0FB4-4AE6-8194-2AF6D72D6BD4}.Release|ARM.ActiveCfg = Release|Any CPU
		{0EEC22EA-0FB4-4AE6-8194-2AF6D72D6BD4}.Release|ARM.Build.0 = Release|Any CPU
		{0EEC22EA-0FB4-4AE6-8194-2AF6D72D6BD4}.Release|iPhone.ActiveCfg = Release|Any CPU
		{0EEC22EA-0FB4-4AE6-8194-2AF6D72D6BD4}.Release|iPhone.Build.0 = Release|Any CPU
		{0EEC22EA-0FB4-4AE6-8194-2AF6D72D6BD4}.Release|iPhoneSimulator.ActiveCfg = Release|Any CPU
		{0EEC22EA-0FB4-4AE6-8194-2AF6D72D6BD4}.Release|iPhoneSimulator.Build.0 = Release|Any CPU
		{0EEC22EA-0FB4-4AE6-8194-2AF6D72D6BD4}.Release|x64.ActiveCfg = Release|Any CPU
		{0EEC22EA-0FB4-4AE6-8194-2AF6D72D6BD4}.Release|x64.Build.0 = Release|Any CPU
		{0EEC22EA-0FB4-4AE6-8194-2AF6D72D6BD4}.Release|x86.ActiveCfg = Release|Any CPU
		{0EEC22EA-0FB4-4AE6-8194-2AF6D72D6BD4}.Release|x86.Build.0 = Release|Any CPU
	EndGlobalSection
	GlobalSection(SolutionProperties) = preSolution
		HideSolutionNode = FALSE
	EndGlobalSection
	GlobalSection(ExtensibilityGlobals) = postSolution
		SolutionGuid = {85031899-2454-48D4-8692-434EE204AC5C}
	EndGlobalSection
EndGlobal
