
Microsoft Visual Studio Solution File, Format Version 12.00
# Visual Studio Version 16
VisualStudioVersion = 16.0.31313.79
MinimumVisualStudioVersion = 10.0.40219.1
Project("{9A19103F-16F7-4668-BE54-9A1E7A4F7556}") = "ClimbingMap.Backend", "ClimbingMap.Backend\ClimbingMap.Backend\ClimbingMap.Backend.csproj", "{A2584E1F-3A1C-48BC-96F0-03BF015812D2}"
EndProject
Project("{FAE04EC0-301F-11D3-BF4B-00C04F79EFBC}") = "ClimbingMap.Backend.Android", "ClimbingMap.Backend\ClimbingMap.Backend.Android\ClimbingMap.Backend.Android.csproj", "{3D415163-ACDB-4352-8CF5-991DFB29A34A}"
EndProject
Project("{FAE04EC0-301F-11D3-BF4B-00C04F79EFBC}") = "ClimbingMap.Backend.iOS", "ClimbingMap.Backend\ClimbingMap.Backend.iOS\ClimbingMap.Backend.iOS.csproj", "{35751DDE-FA06-4293-9B38-FEF5DA9A5628}"
EndProject
Project("{FAE04EC0-301F-11D3-BF4B-00C04F79EFBC}") = "ClimbingMap.Backend.UWP", "ClimbingMap.Backend\ClimbingMap.Backend.UWP\ClimbingMap.Backend.UWP.csproj", "{E97E785D-C2AC-4B02-9BA9-F27BC022F2DE}"
EndProject
Project("{2150E333-8FDC-42A3-9474-1A3956D46DE8}") = "Solution Items", "Solution Items", "{84CD293C-C140-4DE3-90B1-7E3E1A7C9C15}"
	ProjectSection(SolutionItems) = preProject
		.editorconfig = .editorconfig
		nuget.config = nuget.config
	EndProjectSection
EndProject
Project("{FAE04EC0-301F-11D3-BF4B-00C04F79EFBC}") = "ClimbingMap.Domain", "ClimbingMap.Domain\ClimbingMap.Domain.csproj", "{81CA96AC-4410-4AA5-8428-02A62B586AE8}"
EndProject
Global
	GlobalSection(SolutionConfigurationPlatforms) = preSolution
		Ad-Hoc|Any CPU = Ad-Hoc|Any CPU
		Ad-Hoc|ARM = Ad-Hoc|ARM
		Ad-Hoc|iPhone = Ad-Hoc|iPhone
		Ad-Hoc|iPhoneSimulator = Ad-Hoc|iPhoneSimulator
		Ad-Hoc|x64 = Ad-Hoc|x64
		Ad-Hoc|x86 = Ad-Hoc|x86
		AppStore|Any CPU = AppStore|Any CPU
		AppStore|ARM = AppStore|ARM
		AppStore|iPhone = AppStore|iPhone
		AppStore|iPhoneSimulator = AppStore|iPhoneSimulator
		AppStore|x64 = AppStore|x64
		AppStore|x86 = AppStore|x86
		Debug|Any CPU = Debug|Any CPU
		Debug|ARM = Debug|ARM
		Debug|iPhone = Debug|iPhone
		Debug|iPhoneSimulator = Debug|iPhoneSimulator
		Debug|x64 = Debug|x64
		Debug|x86 = Debug|x86
		Release|Any CPU = Release|Any CPU
		Release|ARM = Release|ARM
		Release|iPhone = Release|iPhone
		Release|iPhoneSimulator = Release|iPhoneSimulator
		Release|x64 = Release|x64
		Release|x86 = Release|x86
	EndGlobalSection
	GlobalSection(ProjectConfigurationPlatforms) = postSolution
		{A2584E1F-3A1C-48BC-96F0-03BF015812D2}.Ad-Hoc|Any CPU.ActiveCfg = Debug|Any CPU
		{A2584E1F-3A1C-48BC-96F0-03BF015812D2}.Ad-Hoc|Any CPU.Build.0 = Debug|Any CPU
		{A2584E1F-3A1C-48BC-96F0-03BF015812D2}.Ad-Hoc|ARM.ActiveCfg = Debug|Any CPU
		{A2584E1F-3A1C-48BC-96F0-03BF015812D2}.Ad-Hoc|ARM.Build.0 = Debug|Any CPU
		{A2584E1F-3A1C-48BC-96F0-03BF015812D2}.Ad-Hoc|iPhone.ActiveCfg = Debug|Any CPU
		{A2584E1F-3A1C-48BC-96F0-03BF015812D2}.Ad-Hoc|iPhone.Build.0 = Debug|Any CPU
		{A2584E1F-3A1C-48BC-96F0-03BF015812D2}.Ad-Hoc|iPhoneSimulator.ActiveCfg = Debug|Any CPU
		{A2584E1F-3A1C-48BC-96F0-03BF015812D2}.Ad-Hoc|iPhoneSimulator.Build.0 = Debug|Any CPU
		{A2584E1F-3A1C-48BC-96F0-03BF015812D2}.Ad-Hoc|x64.ActiveCfg = Debug|Any CPU
		{A2584E1F-3A1C-48BC-96F0-03BF015812D2}.Ad-Hoc|x64.Build.0 = Debug|Any CPU
		{A2584E1F-3A1C-48BC-96F0-03BF015812D2}.Ad-Hoc|x86.ActiveCfg = Debug|Any CPU
		{A2584E1F-3A1C-48BC-96F0-03BF015812D2}.Ad-Hoc|x86.Build.0 = Debug|Any CPU
		{A2584E1F-3A1C-48BC-96F0-03BF015812D2}.AppStore|Any CPU.ActiveCfg = Debug|Any CPU
		{A2584E1F-3A1C-48BC-96F0-03BF015812D2}.AppStore|Any CPU.Build.0 = Debug|Any CPU
		{A2584E1F-3A1C-48BC-96F0-03BF015812D2}.AppStore|ARM.ActiveCfg = Debug|Any CPU
		{A2584E1F-3A1C-48BC-96F0-03BF015812D2}.AppStore|ARM.Build.0 = Debug|Any CPU
		{A2584E1F-3A1C-48BC-96F0-03BF015812D2}.AppStore|iPhone.ActiveCfg = Debug|Any CPU
		{A2584E1F-3A1C-48BC-96F0-03BF015812D2}.AppStore|iPhone.Build.0 = Debug|Any CPU
		{A2584E1F-3A1C-48BC-96F0-03BF015812D2}.AppStore|iPhoneSimulator.ActiveCfg = Debug|Any CPU
		{A2584E1F-3A1C-48BC-96F0-03BF015812D2}.AppStore|iPhoneSimulator.Build.0 = Debug|Any CPU
		{A2584E1F-3A1C-48BC-96F0-03BF015812D2}.AppStore|x64.ActiveCfg = Debug|Any CPU
		{A2584E1F-3A1C-48BC-96F0-03BF015812D2}.AppStore|x64.Build.0 = Debug|Any CPU
		{A2584E1F-3A1C-48BC-96F0-03BF015812D2}.AppStore|x86.ActiveCfg = Debug|Any CPU
		{A2584E1F-3A1C-48BC-96F0-03BF015812D2}.AppStore|x86.Build.0 = Debug|Any CPU
		{A2584E1F-3A1C-48BC-96F0-03BF015812D2}.Debug|Any CPU.ActiveCfg = Debug|Any CPU
		{A2584E1F-3A1C-48BC-96F0-03BF015812D2}.Debug|Any CPU.Build.0 = Debug|Any CPU
		{A2584E1F-3A1C-48BC-96F0-03BF015812D2}.Debug|ARM.ActiveCfg = Debug|Any CPU
		{A2584E1F-3A1C-48BC-96F0-03BF015812D2}.Debug|ARM.Build.0 = Debug|Any CPU
		{A2584E1F-3A1C-48BC-96F0-03BF015812D2}.Debug|iPhone.ActiveCfg = Debug|Any CPU
		{A2584E1F-3A1C-48BC-96F0-03BF015812D2}.Debug|iPhone.Build.0 = Debug|Any CPU
		{A2584E1F-3A1C-48BC-96F0-03BF015812D2}.Debug|iPhoneSimulator.ActiveCfg = Debug|Any CPU
		{A2584E1F-3A1C-48BC-96F0-03BF015812D2}.Debug|iPhoneSimulator.Build.0 = Debug|Any CPU
		{A2584E1F-3A1C-48BC-96F0-03BF015812D2}.Debug|x64.ActiveCfg = Debug|Any CPU
		{A2584E1F-3A1C-48BC-96F0-03BF015812D2}.Debug|x64.Build.0 = Debug|Any CPU
		{A2584E1F-3A1C-48BC-96F0-03BF015812D2}.Debug|x86.ActiveCfg = Debug|Any CPU
		{A2584E1F-3A1C-48BC-96F0-03BF015812D2}.Debug|x86.Build.0 = Debug|Any CPU
		{A2584E1F-3A1C-48BC-96F0-03BF015812D2}.Release|Any CPU.ActiveCfg = Release|Any CPU
		{A2584E1F-3A1C-48BC-96F0-03BF015812D2}.Release|Any CPU.Build.0 = Release|Any CPU
		{A2584E1F-3A1C-48BC-96F0-03BF015812D2}.Release|ARM.ActiveCfg = Release|Any CPU
		{A2584E1F-3A1C-48BC-96F0-03BF015812D2}.Release|ARM.Build.0 = Release|Any CPU
		{A2584E1F-3A1C-48BC-96F0-03BF015812D2}.Release|iPhone.ActiveCfg = Release|Any CPU
		{A2584E1F-3A1C-48BC-96F0-03BF015812D2}.Release|iPhone.Build.0 = Release|Any CPU
		{A2584E1F-3A1C-48BC-96F0-03BF015812D2}.Release|iPhoneSimulator.ActiveCfg = Release|Any CPU
		{A2584E1F-3A1C-48BC-96F0-03BF015812D2}.Release|iPhoneSimulator.Build.0 = Release|Any CPU
		{A2584E1F-3A1C-48BC-96F0-03BF015812D2}.Release|x64.ActiveCfg = Release|Any CPU
		{A2584E1F-3A1C-48BC-96F0-03BF015812D2}.Release|x64.Build.0 = Release|Any CPU
		{A2584E1F-3A1C-48BC-96F0-03BF015812D2}.Release|x86.ActiveCfg = Release|Any CPU
		{A2584E1F-3A1C-48BC-96F0-03BF015812D2}.Release|x86.Build.0 = Release|Any CPU
		{3D415163-ACDB-4352-8CF5-991DFB29A34A}.Ad-Hoc|Any CPU.ActiveCfg = Debug|Any CPU
		{3D415163-ACDB-4352-8CF5-991DFB29A34A}.Ad-Hoc|Any CPU.Build.0 = Debug|Any CPU
		{3D415163-ACDB-4352-8CF5-991DFB29A34A}.Ad-Hoc|Any CPU.Deploy.0 = Debug|Any CPU
		{3D415163-ACDB-4352-8CF5-991DFB29A34A}.Ad-Hoc|ARM.ActiveCfg = Debug|Any CPU
		{3D415163-ACDB-4352-8CF5-991DFB29A34A}.Ad-Hoc|ARM.Build.0 = Debug|Any CPU
		{3D415163-ACDB-4352-8CF5-991DFB29A34A}.Ad-Hoc|ARM.Deploy.0 = Debug|Any CPU
		{3D415163-ACDB-4352-8CF5-991DFB29A34A}.Ad-Hoc|iPhone.ActiveCfg = Debug|Any CPU
		{3D415163-ACDB-4352-8CF5-991DFB29A34A}.Ad-Hoc|iPhone.Build.0 = Debug|Any CPU
		{3D415163-ACDB-4352-8CF5-991DFB29A34A}.Ad-Hoc|iPhone.Deploy.0 = Debug|Any CPU
		{3D415163-ACDB-4352-8CF5-991DFB29A34A}.Ad-Hoc|iPhoneSimulator.ActiveCfg = Debug|Any CPU
		{3D415163-ACDB-4352-8CF5-991DFB29A34A}.Ad-Hoc|iPhoneSimulator.Build.0 = Debug|Any CPU
		{3D415163-ACDB-4352-8CF5-991DFB29A34A}.Ad-Hoc|iPhoneSimulator.Deploy.0 = Debug|Any CPU
		{3D415163-ACDB-4352-8CF5-991DFB29A34A}.Ad-Hoc|x64.ActiveCfg = Debug|Any CPU
		{3D415163-ACDB-4352-8CF5-991DFB29A34A}.Ad-Hoc|x64.Build.0 = Debug|Any CPU
		{3D415163-ACDB-4352-8CF5-991DFB29A34A}.Ad-Hoc|x64.Deploy.0 = Debug|Any CPU
		{3D415163-ACDB-4352-8CF5-991DFB29A34A}.Ad-Hoc|x86.ActiveCfg = Debug|Any CPU
		{3D415163-ACDB-4352-8CF5-991DFB29A34A}.Ad-Hoc|x86.Build.0 = Debug|Any CPU
		{3D415163-ACDB-4352-8CF5-991DFB29A34A}.Ad-Hoc|x86.Deploy.0 = Debug|Any CPU
		{3D415163-ACDB-4352-8CF5-991DFB29A34A}.AppStore|Any CPU.ActiveCfg = Debug|Any CPU
		{3D415163-ACDB-4352-8CF5-991DFB29A34A}.AppStore|Any CPU.Build.0 = Debug|Any CPU
		{3D415163-ACDB-4352-8CF5-991DFB29A34A}.AppStore|Any CPU.Deploy.0 = Debug|Any CPU
		{3D415163-ACDB-4352-8CF5-991DFB29A34A}.AppStore|ARM.ActiveCfg = Debug|Any CPU
		{3D415163-ACDB-4352-8CF5-991DFB29A34A}.AppStore|ARM.Build.0 = Debug|Any CPU
		{3D415163-ACDB-4352-8CF5-991DFB29A34A}.AppStore|ARM.Deploy.0 = Debug|Any CPU
		{3D415163-ACDB-4352-8CF5-991DFB29A34A}.AppStore|iPhone.ActiveCfg = Debug|Any CPU
		{3D415163-ACDB-4352-8CF5-991DFB29A34A}.AppStore|iPhone.Build.0 = Debug|Any CPU
		{3D415163-ACDB-4352-8CF5-991DFB29A34A}.AppStore|iPhone.Deploy.0 = Debug|Any CPU
		{3D415163-ACDB-4352-8CF5-991DFB29A34A}.AppStore|iPhoneSimulator.ActiveCfg = Debug|Any CPU
		{3D415163-ACDB-4352-8CF5-991DFB29A34A}.AppStore|iPhoneSimulator.Build.0 = Debug|Any CPU
		{3D415163-ACDB-4352-8CF5-991DFB29A34A}.AppStore|iPhoneSimulator.Deploy.0 = Debug|Any CPU
		{3D415163-ACDB-4352-8CF5-991DFB29A34A}.AppStore|x64.ActiveCfg = Debug|Any CPU
		{3D415163-ACDB-4352-8CF5-991DFB29A34A}.AppStore|x64.Build.0 = Debug|Any CPU
		{3D415163-ACDB-4352-8CF5-991DFB29A34A}.AppStore|x64.Deploy.0 = Debug|Any CPU
		{3D415163-ACDB-4352-8CF5-991DFB29A34A}.AppStore|x86.ActiveCfg = Debug|Any CPU
		{3D415163-ACDB-4352-8CF5-991DFB29A34A}.AppStore|x86.Build.0 = Debug|Any CPU
		{3D415163-ACDB-4352-8CF5-991DFB29A34A}.AppStore|x86.Deploy.0 = Debug|Any CPU
		{3D415163-ACDB-4352-8CF5-991DFB29A34A}.Debug|Any CPU.ActiveCfg = Debug|Any CPU
		{3D415163-ACDB-4352-8CF5-991DFB29A34A}.Debug|Any CPU.Build.0 = Debug|Any CPU
		{3D415163-ACDB-4352-8CF5-991DFB29A34A}.Debug|Any CPU.Deploy.0 = Debug|Any CPU
		{3D415163-ACDB-4352-8CF5-991DFB29A34A}.Debug|ARM.ActiveCfg = Debug|Any CPU
		{3D415163-ACDB-4352-8CF5-991DFB29A34A}.Debug|ARM.Build.0 = Debug|Any CPU
		{3D415163-ACDB-4352-8CF5-991DFB29A34A}.Debug|ARM.Deploy.0 = Debug|Any CPU
		{3D415163-ACDB-4352-8CF5-991DFB29A34A}.Debug|iPhone.ActiveCfg = Debug|Any CPU
		{3D415163-ACDB-4352-8CF5-991DFB29A34A}.Debug|iPhone.Build.0 = Debug|Any CPU
		{3D415163-ACDB-4352-8CF5-991DFB29A34A}.Debug|iPhone.Deploy.0 = Debug|Any CPU
		{3D415163-ACDB-4352-8CF5-991DFB29A34A}.Debug|iPhoneSimulator.ActiveCfg = Debug|Any CPU
		{3D415163-ACDB-4352-8CF5-991DFB29A34A}.Debug|iPhoneSimulator.Build.0 = Debug|Any CPU
		{3D415163-ACDB-4352-8CF5-991DFB29A34A}.Debug|iPhoneSimulator.Deploy.0 = Debug|Any CPU
		{3D415163-ACDB-4352-8CF5-991DFB29A34A}.Debug|x64.ActiveCfg = Debug|Any CPU
		{3D415163-ACDB-4352-8CF5-991DFB29A34A}.Debug|x64.Build.0 = Debug|Any CPU
		{3D415163-ACDB-4352-8CF5-991DFB29A34A}.Debug|x64.Deploy.0 = Debug|Any CPU
		{3D415163-ACDB-4352-8CF5-991DFB29A34A}.Debug|x86.ActiveCfg = Debug|Any CPU
		{3D415163-ACDB-4352-8CF5-991DFB29A34A}.Debug|x86.Build.0 = Debug|Any CPU
		{3D415163-ACDB-4352-8CF5-991DFB29A34A}.Debug|x86.Deploy.0 = Debug|Any CPU
		{3D415163-ACDB-4352-8CF5-991DFB29A34A}.Release|Any CPU.ActiveCfg = Release|Any CPU
		{3D415163-ACDB-4352-8CF5-991DFB29A34A}.Release|Any CPU.Build.0 = Release|Any CPU
		{3D415163-ACDB-4352-8CF5-991DFB29A34A}.Release|Any CPU.Deploy.0 = Release|Any CPU
		{3D415163-ACDB-4352-8CF5-991DFB29A34A}.Release|ARM.ActiveCfg = Release|Any CPU
		{3D415163-ACDB-4352-8CF5-991DFB29A34A}.Release|ARM.Build.0 = Release|Any CPU
		{3D415163-ACDB-4352-8CF5-991DFB29A34A}.Release|ARM.Deploy.0 = Release|Any CPU
		{3D415163-ACDB-4352-8CF5-991DFB29A34A}.Release|iPhone.ActiveCfg = Release|Any CPU
		{3D415163-ACDB-4352-8CF5-991DFB29A34A}.Release|iPhone.Build.0 = Release|Any CPU
		{3D415163-ACDB-4352-8CF5-991DFB29A34A}.Release|iPhone.Deploy.0 = Release|Any CPU
		{3D415163-ACDB-4352-8CF5-991DFB29A34A}.Release|iPhoneSimulator.ActiveCfg = Release|Any CPU
		{3D415163-ACDB-4352-8CF5-991DFB29A34A}.Release|iPhoneSimulator.Build.0 = Release|Any CPU
		{3D415163-ACDB-4352-8CF5-991DFB29A34A}.Release|iPhoneSimulator.Deploy.0 = Release|Any CPU
		{3D415163-ACDB-4352-8CF5-991DFB29A34A}.Release|x64.ActiveCfg = Release|Any CPU
		{3D415163-ACDB-4352-8CF5-991DFB29A34A}.Release|x64.Build.0 = Release|Any CPU
		{3D415163-ACDB-4352-8CF5-991DFB29A34A}.Release|x64.Deploy.0 = Release|Any CPU
		{3D415163-ACDB-4352-8CF5-991DFB29A34A}.Release|x86.ActiveCfg = Release|Any CPU
		{3D415163-ACDB-4352-8CF5-991DFB29A34A}.Release|x86.Build.0 = Release|Any CPU
		{3D415163-ACDB-4352-8CF5-991DFB29A34A}.Release|x86.Deploy.0 = Release|Any CPU
		{35751DDE-FA06-4293-9B38-FEF5DA9A5628}.Ad-Hoc|Any CPU.ActiveCfg = Ad-Hoc|iPhoneSimulator
		{35751DDE-FA06-4293-9B38-FEF5DA9A5628}.Ad-Hoc|ARM.ActiveCfg = Ad-Hoc|iPhoneSimulator
		{35751DDE-FA06-4293-9B38-FEF5DA9A5628}.Ad-Hoc|iPhone.ActiveCfg = Ad-Hoc|iPhone
		{35751DDE-FA06-4293-9B38-FEF5DA9A5628}.Ad-Hoc|iPhone.Build.0 = Ad-Hoc|iPhone
		{35751DDE-FA06-4293-9B38-FEF5DA9A5628}.Ad-Hoc|iPhoneSimulator.ActiveCfg = Ad-Hoc|iPhoneSimulator
		{35751DDE-FA06-4293-9B38-FEF5DA9A5628}.Ad-Hoc|iPhoneSimulator.Build.0 = Ad-Hoc|iPhoneSimulator
		{35751DDE-FA06-4293-9B38-FEF5DA9A5628}.Ad-Hoc|x64.ActiveCfg = Ad-Hoc|iPhoneSimulator
		{35751DDE-FA06-4293-9B38-FEF5DA9A5628}.Ad-Hoc|x86.ActiveCfg = Ad-Hoc|iPhoneSimulator
		{35751DDE-FA06-4293-9B38-FEF5DA9A5628}.AppStore|Any CPU.ActiveCfg = AppStore|iPhoneSimulator
		{35751DDE-FA06-4293-9B38-FEF5DA9A5628}.AppStore|ARM.ActiveCfg = AppStore|iPhoneSimulator
		{35751DDE-FA06-4293-9B38-FEF5DA9A5628}.AppStore|iPhone.ActiveCfg = AppStore|iPhone
		{35751DDE-FA06-4293-9B38-FEF5DA9A5628}.AppStore|iPhone.Build.0 = AppStore|iPhone
		{35751DDE-FA06-4293-9B38-FEF5DA9A5628}.AppStore|iPhoneSimulator.ActiveCfg = AppStore|iPhoneSimulator
		{35751DDE-FA06-4293-9B38-FEF5DA9A5628}.AppStore|iPhoneSimulator.Build.0 = AppStore|iPhoneSimulator
		{35751DDE-FA06-4293-9B38-FEF5DA9A5628}.AppStore|x64.ActiveCfg = AppStore|iPhoneSimulator
		{35751DDE-FA06-4293-9B38-FEF5DA9A5628}.AppStore|x86.ActiveCfg = AppStore|iPhoneSimulator
		{35751DDE-FA06-4293-9B38-FEF5DA9A5628}.Debug|Any CPU.ActiveCfg = Debug|iPhoneSimulator
		{35751DDE-FA06-4293-9B38-FEF5DA9A5628}.Debug|ARM.ActiveCfg = Debug|iPhoneSimulator
		{35751DDE-FA06-4293-9B38-FEF5DA9A5628}.Debug|iPhone.ActiveCfg = Debug|iPhone
		{35751DDE-FA06-4293-9B38-FEF5DA9A5628}.Debug|iPhone.Build.0 = Debug|iPhone
		{35751DDE-FA06-4293-9B38-FEF5DA9A5628}.Debug|iPhoneSimulator.ActiveCfg = Debug|iPhoneSimulator
		{35751DDE-FA06-4293-9B38-FEF5DA9A5628}.Debug|iPhoneSimulator.Build.0 = Debug|iPhoneSimulator
		{35751DDE-FA06-4293-9B38-FEF5DA9A5628}.Debug|x64.ActiveCfg = Debug|iPhoneSimulator
		{35751DDE-FA06-4293-9B38-FEF5DA9A5628}.Debug|x86.ActiveCfg = Debug|iPhoneSimulator
		{35751DDE-FA06-4293-9B38-FEF5DA9A5628}.Release|Any CPU.ActiveCfg = Release|iPhoneSimulator
		{35751DDE-FA06-4293-9B38-FEF5DA9A5628}.Release|ARM.ActiveCfg = Release|iPhoneSimulator
		{35751DDE-FA06-4293-9B38-FEF5DA9A5628}.Release|iPhone.ActiveCfg = Release|iPhone
		{35751DDE-FA06-4293-9B38-FEF5DA9A5628}.Release|iPhone.Build.0 = Release|iPhone
		{35751DDE-FA06-4293-9B38-FEF5DA9A5628}.Release|iPhoneSimulator.ActiveCfg = Release|iPhoneSimulator
		{35751DDE-FA06-4293-9B38-FEF5DA9A5628}.Release|iPhoneSimulator.Build.0 = Release|iPhoneSimulator
		{35751DDE-FA06-4293-9B38-FEF5DA9A5628}.Release|x64.ActiveCfg = Release|iPhoneSimulator
		{35751DDE-FA06-4293-9B38-FEF5DA9A5628}.Release|x86.ActiveCfg = Release|iPhoneSimulator
		{E97E785D-C2AC-4B02-9BA9-F27BC022F2DE}.Ad-Hoc|Any CPU.ActiveCfg = Debug|ARM
		{E97E785D-C2AC-4B02-9BA9-F27BC022F2DE}.Ad-Hoc|Any CPU.Build.0 = Debug|ARM
		{E97E785D-C2AC-4B02-9BA9-F27BC022F2DE}.Ad-Hoc|Any CPU.Deploy.0 = Debug|ARM
		{E97E785D-C2AC-4B02-9BA9-F27BC022F2DE}.Ad-Hoc|ARM.ActiveCfg = Debug|ARM
		{E97E785D-C2AC-4B02-9BA9-F27BC022F2DE}.Ad-Hoc|ARM.Build.0 = Debug|ARM
		{E97E785D-C2AC-4B02-9BA9-F27BC022F2DE}.Ad-Hoc|ARM.Deploy.0 = Debug|ARM
		{E97E785D-C2AC-4B02-9BA9-F27BC022F2DE}.Ad-Hoc|iPhone.ActiveCfg = Debug|ARM
		{E97E785D-C2AC-4B02-9BA9-F27BC022F2DE}.Ad-Hoc|iPhone.Build.0 = Debug|ARM
		{E97E785D-C2AC-4B02-9BA9-F27BC022F2DE}.Ad-Hoc|iPhone.Deploy.0 = Debug|ARM
		{E97E785D-C2AC-4B02-9BA9-F27BC022F2DE}.Ad-Hoc|iPhoneSimulator.ActiveCfg = Debug|ARM
		{E97E785D-C2AC-4B02-9BA9-F27BC022F2DE}.Ad-Hoc|iPhoneSimulator.Build.0 = Debug|ARM
		{E97E785D-C2AC-4B02-9BA9-F27BC022F2DE}.Ad-Hoc|iPhoneSimulator.Deploy.0 = Debug|ARM
		{E97E785D-C2AC-4B02-9BA9-F27BC022F2DE}.Ad-Hoc|x64.ActiveCfg = Debug|x64
		{E97E785D-C2AC-4B02-9BA9-F27BC022F2DE}.Ad-Hoc|x64.Build.0 = Debug|x64
		{E97E785D-C2AC-4B02-9BA9-F27BC022F2DE}.Ad-Hoc|x64.Deploy.0 = Debug|x64
		{E97E785D-C2AC-4B02-9BA9-F27BC022F2DE}.Ad-Hoc|x86.ActiveCfg = Debug|x86
		{E97E785D-C2AC-4B02-9BA9-F27BC022F2DE}.Ad-Hoc|x86.Build.0 = Debug|x86
		{E97E785D-C2AC-4B02-9BA9-F27BC022F2DE}.Ad-Hoc|x86.Deploy.0 = Debug|x86
		{E97E785D-C2AC-4B02-9BA9-F27BC022F2DE}.AppStore|Any CPU.ActiveCfg = Debug|ARM
		{E97E785D-C2AC-4B02-9BA9-F27BC022F2DE}.AppStore|Any CPU.Build.0 = Debug|ARM
		{E97E785D-C2AC-4B02-9BA9-F27BC022F2DE}.AppStore|Any CPU.Deploy.0 = Debug|ARM
		{E97E785D-C2AC-4B02-9BA9-F27BC022F2DE}.AppStore|ARM.ActiveCfg = Debug|ARM
		{E97E785D-C2AC-4B02-9BA9-F27BC022F2DE}.AppStore|ARM.Build.0 = Debug|ARM
		{E97E785D-C2AC-4B02-9BA9-F27BC022F2DE}.AppStore|ARM.Deploy.0 = Debug|ARM
		{E97E785D-C2AC-4B02-9BA9-F27BC022F2DE}.AppStore|iPhone.ActiveCfg = Debug|ARM
		{E97E785D-C2AC-4B02-9BA9-F27BC022F2DE}.AppStore|iPhone.Build.0 = Debug|ARM
		{E97E785D-C2AC-4B02-9BA9-F27BC022F2DE}.AppStore|iPhone.Deploy.0 = Debug|ARM
		{E97E785D-C2AC-4B02-9BA9-F27BC022F2DE}.AppStore|iPhoneSimulator.ActiveCfg = Debug|ARM
		{E97E785D-C2AC-4B02-9BA9-F27BC022F2DE}.AppStore|iPhoneSimulator.Build.0 = Debug|ARM
		{E97E785D-C2AC-4B02-9BA9-F27BC022F2DE}.AppStore|iPhoneSimulator.Deploy.0 = Debug|ARM
		{E97E785D-C2AC-4B02-9BA9-F27BC022F2DE}.AppStore|x64.ActiveCfg = Debug|x64
		{E97E785D-C2AC-4B02-9BA9-F27BC022F2DE}.AppStore|x64.Build.0 = Debug|x64
		{E97E785D-C2AC-4B02-9BA9-F27BC022F2DE}.AppStore|x64.Deploy.0 = Debug|x64
		{E97E785D-C2AC-4B02-9BA9-F27BC022F2DE}.AppStore|x86.ActiveCfg = Debug|x86
		{E97E785D-C2AC-4B02-9BA9-F27BC022F2DE}.AppStore|x86.Build.0 = Debug|x86
		{E97E785D-C2AC-4B02-9BA9-F27BC022F2DE}.AppStore|x86.Deploy.0 = Debug|x86
		{E97E785D-C2AC-4B02-9BA9-F27BC022F2DE}.Debug|Any CPU.ActiveCfg = Debug|x86
		{E97E785D-C2AC-4B02-9BA9-F27BC022F2DE}.Debug|Any CPU.Build.0 = Debug|x86
		{E97E785D-C2AC-4B02-9BA9-F27BC022F2DE}.Debug|Any CPU.Deploy.0 = Debug|x86
		{E97E785D-C2AC-4B02-9BA9-F27BC022F2DE}.Debug|ARM.ActiveCfg = Debug|ARM
		{E97E785D-C2AC-4B02-9BA9-F27BC022F2DE}.Debug|ARM.Build.0 = Debug|ARM
		{E97E785D-C2AC-4B02-9BA9-F27BC022F2DE}.Debug|ARM.Deploy.0 = Debug|ARM
		{E97E785D-C2AC-4B02-9BA9-F27BC022F2DE}.Debug|iPhone.ActiveCfg = Debug|x86
		{E97E785D-C2AC-4B02-9BA9-F27BC022F2DE}.Debug|iPhoneSimulator.ActiveCfg = Debug|x86
		{E97E785D-C2AC-4B02-9BA9-F27BC022F2DE}.Debug|x64.ActiveCfg = Debug|x64
		{E97E785D-C2AC-4B02-9BA9-F27BC022F2DE}.Debug|x64.Build.0 = Debug|x64
		{E97E785D-C2AC-4B02-9BA9-F27BC022F2DE}.Debug|x64.Deploy.0 = Debug|x64
		{E97E785D-C2AC-4B02-9BA9-F27BC022F2DE}.Debug|x86.ActiveCfg = Debug|x86
		{E97E785D-C2AC-4B02-9BA9-F27BC022F2DE}.Debug|x86.Build.0 = Debug|x86
		{E97E785D-C2AC-4B02-9BA9-F27BC022F2DE}.Debug|x86.Deploy.0 = Debug|x86
		{E97E785D-C2AC-4B02-9BA9-F27BC022F2DE}.Release|Any CPU.ActiveCfg = Release|x86
		{E97E785D-C2AC-4B02-9BA9-F27BC022F2DE}.Release|ARM.ActiveCfg = Release|ARM
		{E97E785D-C2AC-4B02-9BA9-F27BC022F2DE}.Release|ARM.Build.0 = Release|ARM
		{E97E785D-C2AC-4B02-9BA9-F27BC022F2DE}.Release|ARM.Deploy.0 = Release|ARM
		{E97E785D-C2AC-4B02-9BA9-F27BC022F2DE}.Release|iPhone.ActiveCfg = Release|x86
		{E97E785D-C2AC-4B02-9BA9-F27BC022F2DE}.Release|iPhoneSimulator.ActiveCfg = Release|x86
		{E97E785D-C2AC-4B02-9BA9-F27BC022F2DE}.Release|x64.ActiveCfg = Release|x64
		{E97E785D-C2AC-4B02-9BA9-F27BC022F2DE}.Release|x64.Build.0 = Release|x64
		{E97E785D-C2AC-4B02-9BA9-F27BC022F2DE}.Release|x64.Deploy.0 = Release|x64
		{E97E785D-C2AC-4B02-9BA9-F27BC022F2DE}.Release|x86.ActiveCfg = Release|x86
		{E97E785D-C2AC-4B02-9BA9-F27BC022F2DE}.Release|x86.Build.0 = Release|x86
		{E97E785D-C2AC-4B02-9BA9-F27BC022F2DE}.Release|x86.Deploy.0 = Release|x86
		{81CA96AC-4410-4AA5-8428-02A62B586AE8}.Ad-Hoc|Any CPU.ActiveCfg = Debug|Any CPU
		{81CA96AC-4410-4AA5-8428-02A62B586AE8}.Ad-Hoc|Any CPU.Build.0 = Debug|Any CPU
		{81CA96AC-4410-4AA5-8428-02A62B586AE8}.Ad-Hoc|ARM.ActiveCfg = Debug|Any CPU
		{81CA96AC-4410-4AA5-8428-02A62B586AE8}.Ad-Hoc|ARM.Build.0 = Debug|Any CPU
		{81CA96AC-4410-4AA5-8428-02A62B586AE8}.Ad-Hoc|iPhone.ActiveCfg = Debug|Any CPU
		{81CA96AC-4410-4AA5-8428-02A62B586AE8}.Ad-Hoc|iPhone.Build.0 = Debug|Any CPU
		{81CA96AC-4410-4AA5-8428-02A62B586AE8}.Ad-Hoc|iPhoneSimulator.ActiveCfg = Debug|Any CPU
		{81CA96AC-4410-4AA5-8428-02A62B586AE8}.Ad-Hoc|iPhoneSimulator.Build.0 = Debug|Any CPU
		{81CA96AC-4410-4AA5-8428-02A62B586AE8}.Ad-Hoc|x64.ActiveCfg = Debug|Any CPU
		{81CA96AC-4410-4AA5-8428-02A62B586AE8}.Ad-Hoc|x64.Build.0 = Debug|Any CPU
		{81CA96AC-4410-4AA5-8428-02A62B586AE8}.Ad-Hoc|x86.ActiveCfg = Debug|Any CPU
		{81CA96AC-4410-4AA5-8428-02A62B586AE8}.Ad-Hoc|x86.Build.0 = Debug|Any CPU
		{81CA96AC-4410-4AA5-8428-02A62B586AE8}.AppStore|Any CPU.ActiveCfg = Debug|Any CPU
		{81CA96AC-4410-4AA5-8428-02A62B586AE8}.AppStore|Any CPU.Build.0 = Debug|Any CPU
		{81CA96AC-4410-4AA5-8428-02A62B586AE8}.AppStore|ARM.ActiveCfg = Debug|Any CPU
		{81CA96AC-4410-4AA5-8428-02A62B586AE8}.AppStore|ARM.Build.0 = Debug|Any CPU
		{81CA96AC-4410-4AA5-8428-02A62B586AE8}.AppStore|iPhone.ActiveCfg = Debug|Any CPU
		{81CA96AC-4410-4AA5-8428-02A62B586AE8}.AppStore|iPhone.Build.0 = Debug|Any CPU
		{81CA96AC-4410-4AA5-8428-02A62B586AE8}.AppStore|iPhoneSimulator.ActiveCfg = Debug|Any CPU
		{81CA96AC-4410-4AA5-8428-02A62B586AE8}.AppStore|iPhoneSimulator.Build.0 = Debug|Any CPU
		{81CA96AC-4410-4AA5-8428-02A62B586AE8}.AppStore|x64.ActiveCfg = Debug|Any CPU
		{81CA96AC-4410-4AA5-8428-02A62B586AE8}.AppStore|x64.Build.0 = Debug|Any CPU
		{81CA96AC-4410-4AA5-8428-02A62B586AE8}.AppStore|x86.ActiveCfg = Debug|Any CPU
		{81CA96AC-4410-4AA5-8428-02A62B586AE8}.AppStore|x86.Build.0 = Debug|Any CPU
		{81CA96AC-4410-4AA5-8428-02A62B586AE8}.Debug|Any CPU.ActiveCfg = Debug|Any CPU
		{81CA96AC-4410-4AA5-8428-02A62B586AE8}.Debug|Any CPU.Build.0 = Debug|Any CPU
		{81CA96AC-4410-4AA5-8428-02A62B586AE8}.Debug|ARM.ActiveCfg = Debug|Any CPU
		{81CA96AC-4410-4AA5-8428-02A62B586AE8}.Debug|ARM.Build.0 = Debug|Any CPU
		{81CA96AC-4410-4AA5-8428-02A62B586AE8}.Debug|iPhone.ActiveCfg = Debug|Any CPU
		{81CA96AC-4410-4AA5-8428-02A62B586AE8}.Debug|iPhone.Build.0 = Debug|Any CPU
		{81CA96AC-4410-4AA5-8428-02A62B586AE8}.Debug|iPhoneSimulator.ActiveCfg = Debug|Any CPU
		{81CA96AC-4410-4AA5-8428-02A62B586AE8}.Debug|iPhoneSimulator.Build.0 = Debug|Any CPU
		{81CA96AC-4410-4AA5-8428-02A62B586AE8}.Debug|x64.ActiveCfg = Debug|Any CPU
		{81CA96AC-4410-4AA5-8428-02A62B586AE8}.Debug|x64.Build.0 = Debug|Any CPU
		{81CA96AC-4410-4AA5-8428-02A62B586AE8}.Debug|x86.ActiveCfg = Debug|Any CPU
		{81CA96AC-4410-4AA5-8428-02A62B586AE8}.Debug|x86.Build.0 = Debug|Any CPU
		{81CA96AC-4410-4AA5-8428-02A62B586AE8}.Release|Any CPU.ActiveCfg = Release|Any CPU
		{81CA96AC-4410-4AA5-8428-02A62B586AE8}.Release|Any CPU.Build.0 = Release|Any CPU
		{81CA96AC-4410-4AA5-8428-02A62B586AE8}.Release|ARM.ActiveCfg = Release|Any CPU
		{81CA96AC-4410-4AA5-8428-02A62B586AE8}.Release|ARM.Build.0 = Release|Any CPU
		{81CA96AC-4410-4AA5-8428-02A62B586AE8}.Release|iPhone.ActiveCfg = Release|Any CPU
		{81CA96AC-4410-4AA5-8428-02A62B586AE8}.Release|iPhone.Build.0 = Release|Any CPU
		{81CA96AC-4410-4AA5-8428-02A62B586AE8}.Release|iPhoneSimulator.ActiveCfg = Release|Any CPU
		{81CA96AC-4410-4AA5-8428-02A62B586AE8}.Release|iPhoneSimulator.Build.0 = Release|Any CPU
		{81CA96AC-4410-4AA5-8428-02A62B586AE8}.Release|x64.ActiveCfg = Release|Any CPU
		{81CA96AC-4410-4AA5-8428-02A62B586AE8}.Release|x64.Build.0 = Release|Any CPU
		{81CA96AC-4410-4AA5-8428-02A62B586AE8}.Release|x86.ActiveCfg = Release|Any CPU
		{81CA96AC-4410-4AA5-8428-02A62B586AE8}.Release|x86.Build.0 = Release|Any CPU
	EndGlobalSection
	GlobalSection(SolutionProperties) = preSolution
		HideSolutionNode = FALSE
	EndGlobalSection
	GlobalSection(ExtensibilityGlobals) = postSolution
		SolutionGuid = {85031899-2454-48D4-8692-434EE204AC5C}
	EndGlobalSection
EndGlobal
